// !$*UTF8*$!
{
	archiveVersion = 1;
	classes = {
	};
	objectVersion = 51;
	objects = {

/* Begin PBXBuildFile section */
		2625268C24A3CAF900E301F9 /* NSLayoutConstraint+AnchorConstraints.swift in Sources */ = {isa = PBXBuildFile; fileRef = 2625268B24A3CAF900E301F9 /* NSLayoutConstraint+AnchorConstraints.swift */; };
		2625268E24A3CD7500E301F9 /* PersonViewViewModel.swift in Sources */ = {isa = PBXBuildFile; fileRef = 2625268D24A3CD7500E301F9 /* PersonViewViewModel.swift */; };
		2625269124A3CDBF00E301F9 /* GeneralViewModel.swift in Sources */ = {isa = PBXBuildFile; fileRef = 2625269024A3CDBF00E301F9 /* GeneralViewModel.swift */; };
		2625269524A3CDF600E301F9 /* CellViewModel.swift in Sources */ = {isa = PBXBuildFile; fileRef = 2625269424A3CDF600E301F9 /* CellViewModel.swift */; };
		26279BC224A78B90000CA5D2 /* ExperienceViewModel.swift in Sources */ = {isa = PBXBuildFile; fileRef = 26279BC124A78B90000CA5D2 /* ExperienceViewModel.swift */; };
		26279BC424A78C32000CA5D2 /* ExperienceContract.swift in Sources */ = {isa = PBXBuildFile; fileRef = 26279BC324A78C32000CA5D2 /* ExperienceContract.swift */; };
		26279BC624A79D10000CA5D2 /* Delay.swift in Sources */ = {isa = PBXBuildFile; fileRef = 26279BC524A79D10000CA5D2 /* Delay.swift */; };
		26279BC824A7A0C3000CA5D2 /* CompanyExperience.swift in Sources */ = {isa = PBXBuildFile; fileRef = 26279BC724A7A0C3000CA5D2 /* CompanyExperience.swift */; };
		26279BCA24A7A1C0000CA5D2 /* ExperiencePresenterTests.swift in Sources */ = {isa = PBXBuildFile; fileRef = 26279BC924A7A1C0000CA5D2 /* ExperiencePresenterTests.swift */; };
		26279BCC24A7A29E000CA5D2 /* ExperiencePresenter.swift in Sources */ = {isa = PBXBuildFile; fileRef = 26279BCB24A7A29E000CA5D2 /* ExperiencePresenter.swift */; };
		26279BCE24A7A43A000CA5D2 /* MockExperienceView.swift in Sources */ = {isa = PBXBuildFile; fileRef = 26279BCD24A7A43A000CA5D2 /* MockExperienceView.swift */; };
		26279BD024A7A4C9000CA5D2 /* ExperienceViewModel+Equatable.swift in Sources */ = {isa = PBXBuildFile; fileRef = 26279BCF24A7A4C9000CA5D2 /* ExperienceViewModel+Equatable.swift */; };
		262960A224A3D16F0009FD29 /* UIImage+Resize.swift in Sources */ = {isa = PBXBuildFile; fileRef = 262960A124A3D16F0009FD29 /* UIImage+Resize.swift */; };
		262960A624A3FC850009FD29 /* SkillsViewControllerTests.swift in Sources */ = {isa = PBXBuildFile; fileRef = 262960A524A3FC850009FD29 /* SkillsViewControllerTests.swift */; };
		262960A824A3FD7A0009FD29 /* SkillsViewController.swift in Sources */ = {isa = PBXBuildFile; fileRef = 262960A724A3FD7A0009FD29 /* SkillsViewController.swift */; };
		262960AA24A3FE360009FD29 /* SkillsViewModel.swift in Sources */ = {isa = PBXBuildFile; fileRef = 262960A924A3FE360009FD29 /* SkillsViewModel.swift */; };
		262960AC24A3FE880009FD29 /* SkillsContract.swift in Sources */ = {isa = PBXBuildFile; fileRef = 262960AB24A3FE880009FD29 /* SkillsContract.swift */; };
		262960AE24A410430009FD29 /* UITableView+CellAtRow.swift in Sources */ = {isa = PBXBuildFile; fileRef = 262960AD24A410430009FD29 /* UITableView+CellAtRow.swift */; };
		262960B024A4AAB70009FD29 /* MockSkillsPresenter.swift in Sources */ = {isa = PBXBuildFile; fileRef = 262960AF24A4AAB70009FD29 /* MockSkillsPresenter.swift */; };
		262960B224A4AAE10009FD29 /* MockGeneralPresenter.swift in Sources */ = {isa = PBXBuildFile; fileRef = 262960B124A4AAE10009FD29 /* MockGeneralPresenter.swift */; };
		262960B424A4ACDB0009FD29 /* SkillsPresenterTests.swift in Sources */ = {isa = PBXBuildFile; fileRef = 262960B324A4ACDB0009FD29 /* SkillsPresenterTests.swift */; };
		262960B624A4AD510009FD29 /* SkillsPresenter.swift in Sources */ = {isa = PBXBuildFile; fileRef = 262960B524A4AD510009FD29 /* SkillsPresenter.swift */; };
		262960B824A4BB670009FD29 /* SectionViewModel.swift in Sources */ = {isa = PBXBuildFile; fileRef = 262960B724A4BB670009FD29 /* SectionViewModel.swift */; };
		262960BC24A4BC610009FD29 /* SkillsViewModel+Equatable.swift in Sources */ = {isa = PBXBuildFile; fileRef = 262960BB24A4BC610009FD29 /* SkillsViewModel+Equatable.swift */; };
		262960BE24A4BC9F0009FD29 /* PersonViewModel+Equatable.swift in Sources */ = {isa = PBXBuildFile; fileRef = 262960BD24A4BC9F0009FD29 /* PersonViewModel+Equatable.swift */; };
		262960C024A4BCF00009FD29 /* CellViewModel+Equatable.swift in Sources */ = {isa = PBXBuildFile; fileRef = 262960BF24A4BCF00009FD29 /* CellViewModel+Equatable.swift */; };
		262960C224A4BD140009FD29 /* SectionViewModel+Equatable.swift in Sources */ = {isa = PBXBuildFile; fileRef = 262960C124A4BD140009FD29 /* SectionViewModel+Equatable.swift */; };
		262960C424A4BD7B0009FD29 /* SkillsGroup.swift in Sources */ = {isa = PBXBuildFile; fileRef = 262960C324A4BD7B0009FD29 /* SkillsGroup.swift */; };
		262960C624A4D0900009FD29 /* TableViewHeaderView.swift in Sources */ = {isa = PBXBuildFile; fileRef = 262960C524A4D0900009FD29 /* TableViewHeaderView.swift */; };
		262960C824A4D2530009FD29 /* UITableView+RemoveTrailingSeparators.swift in Sources */ = {isa = PBXBuildFile; fileRef = 262960C724A4D2530009FD29 /* UITableView+RemoveTrailingSeparators.swift */; };
		262960CA24A5093F0009FD29 /* UITableViewCell+CellStyle.swift in Sources */ = {isa = PBXBuildFile; fileRef = 262960C924A5093F0009FD29 /* UITableViewCell+CellStyle.swift */; };
		262960CC24A5097C0009FD29 /* UITableViewCell+SelectionStyle.swift in Sources */ = {isa = PBXBuildFile; fileRef = 262960CB24A5097C0009FD29 /* UITableViewCell+SelectionStyle.swift */; };
		262E825A24A92FA200B8373F /* ImageViewModel.swift in Sources */ = {isa = PBXBuildFile; fileRef = 262E825924A92FA200B8373F /* ImageViewModel.swift */; };
		262E825C24A92FF000B8373F /* CGSize+InitSize.swift in Sources */ = {isa = PBXBuildFile; fileRef = 262E825B24A92FF000B8373F /* CGSize+InitSize.swift */; };
		262E825E24A9303F00B8373F /* ImageViewModel+Equatable.swift in Sources */ = {isa = PBXBuildFile; fileRef = 262E825D24A9303F00B8373F /* ImageViewModel+Equatable.swift */; };
		262E826024A931AE00B8373F /* ImageType+Equatable.swift in Sources */ = {isa = PBXBuildFile; fileRef = 262E825F24A931AE00B8373F /* ImageType+Equatable.swift */; };
		262E826224A931D100B8373F /* Size+Equatable.swift in Sources */ = {isa = PBXBuildFile; fileRef = 262E826124A931D100B8373F /* Size+Equatable.swift */; };
		262E826424A9480A00B8373F /* CompanyExperienceDetails.swift in Sources */ = {isa = PBXBuildFile; fileRef = 262E826324A9480A00B8373F /* CompanyExperienceDetails.swift */; };
		262E826624A94C4800B8373F /* MockExperiencePresenter.swift in Sources */ = {isa = PBXBuildFile; fileRef = 262E826524A94C4800B8373F /* MockExperiencePresenter.swift */; };
		262E826824A94F6800B8373F /* CompanyExperience+Equatable.swift in Sources */ = {isa = PBXBuildFile; fileRef = 262E826724A94F6800B8373F /* CompanyExperience+Equatable.swift */; };
		262E826A24A9501600B8373F /* CompanyExperienceDetails+Equatable.swift in Sources */ = {isa = PBXBuildFile; fileRef = 262E826924A9501600B8373F /* CompanyExperienceDetails+Equatable.swift */; };
		262E826C24A9515C00B8373F /* MockRouter.swift in Sources */ = {isa = PBXBuildFile; fileRef = 262E826B24A9515C00B8373F /* MockRouter.swift */; };
		262E826E24A956A900B8373F /* RouterTests.swift in Sources */ = {isa = PBXBuildFile; fileRef = 262E826D24A956A900B8373F /* RouterTests.swift */; };
		262E827024A956E400B8373F /* Router.swift in Sources */ = {isa = PBXBuildFile; fileRef = 262E826F24A956E400B8373F /* Router.swift */; };
		2636AB4124AA03D7004B866D /* CompanyExperienceDetailViewController.swift in Sources */ = {isa = PBXBuildFile; fileRef = 2636AB4024AA03D7004B866D /* CompanyExperienceDetailViewController.swift */; };
		2636AB4424AA063A004B866D /* CompanyExperienceDetailViewControllerTests.swift in Sources */ = {isa = PBXBuildFile; fileRef = 2636AB4324AA063A004B866D /* CompanyExperienceDetailViewControllerTests.swift */; };
		2636AB4624AA0892004B866D /* CompanyExperienceHeaderView.swift in Sources */ = {isa = PBXBuildFile; fileRef = 2636AB4524AA0892004B866D /* CompanyExperienceHeaderView.swift */; };
		2636AB4824AA0982004B866D /* CompanyExperienceDetailContract.swift in Sources */ = {isa = PBXBuildFile; fileRef = 2636AB4724AA0982004B866D /* CompanyExperienceDetailContract.swift */; };
		2636AB4A24AA0ACD004B866D /* CompanyExperienceDetailViewModel.swift in Sources */ = {isa = PBXBuildFile; fileRef = 2636AB4924AA0ACD004B866D /* CompanyExperienceDetailViewModel.swift */; };
		2636AB4C24AA1087004B866D /* MockCompanyExperienceDetailPresenter.swift in Sources */ = {isa = PBXBuildFile; fileRef = 2636AB4B24AA1087004B866D /* MockCompanyExperienceDetailPresenter.swift */; };
		2636AB4E24AA10B2004B866D /* CompanyExperienceDetailPresenterTests.swift in Sources */ = {isa = PBXBuildFile; fileRef = 2636AB4D24AA10B2004B866D /* CompanyExperienceDetailPresenterTests.swift */; };
		2636AB5024AA10FE004B866D /* CompanyExperienceDetailPresenter.swift in Sources */ = {isa = PBXBuildFile; fileRef = 2636AB4F24AA10FE004B866D /* CompanyExperienceDetailPresenter.swift */; };
		2636AB5224AA1207004B866D /* CompanyExperienceDetailViewModel+Equatable.swift in Sources */ = {isa = PBXBuildFile; fileRef = 2636AB5124AA1207004B866D /* CompanyExperienceDetailViewModel+Equatable.swift */; };
		2636AB5424AA168F004B866D /* CompanyExperienceHeaderViewModel.swift in Sources */ = {isa = PBXBuildFile; fileRef = 2636AB5324AA168F004B866D /* CompanyExperienceHeaderViewModel.swift */; };
		2636AB5724AA16E3004B866D /* CompanyExperienceHeaderViewing.swift in Sources */ = {isa = PBXBuildFile; fileRef = 2636AB5624AA16E3004B866D /* CompanyExperienceHeaderViewing.swift */; };
		2640ADF824A8CEA600F7134E /* UIImage+InitColorSize.swift in Sources */ = {isa = PBXBuildFile; fileRef = 2640ADF724A8CEA600F7134E /* UIImage+InitColorSize.swift */; };
		26742ACC24A39B3A001D9444 /* GeneralPresenter.swift in Sources */ = {isa = PBXBuildFile; fileRef = 26742ACB24A39B3A001D9444 /* GeneralPresenter.swift */; };
		26742ACE24A39B99001D9444 /* GeneralPresenterTests.swift in Sources */ = {isa = PBXBuildFile; fileRef = 26742ACD24A39B99001D9444 /* GeneralPresenterTests.swift */; };
		26742AD024A3A6BD001D9444 /* PersonViewing.swift in Sources */ = {isa = PBXBuildFile; fileRef = 26742ACF24A3A6BD001D9444 /* PersonViewing.swift */; };
		26742AD224A3A73D001D9444 /* FakeResumeService.swift in Sources */ = {isa = PBXBuildFile; fileRef = 26742AD124A3A73D001D9444 /* FakeResumeService.swift */; };
		26742AD524A3AD24001D9444 /* CellViewModelUpdating.swift in Sources */ = {isa = PBXBuildFile; fileRef = 26742AD424A3AD24001D9444 /* CellViewModelUpdating.swift */; };
		26742AD724A3AD93001D9444 /* UITableViewCell+CellViewModelUpdating.swift in Sources */ = {isa = PBXBuildFile; fileRef = 26742AD624A3AD93001D9444 /* UITableViewCell+CellViewModelUpdating.swift */; };
		26742ADA24A3C289001D9444 /* PersonViewTests.swift in Sources */ = {isa = PBXBuildFile; fileRef = 26742AD924A3C289001D9444 /* PersonViewTests.swift */; };
		268524F624AA407D000AEDDA /* EducationViewControllerTests.swift in Sources */ = {isa = PBXBuildFile; fileRef = 268524F524AA407D000AEDDA /* EducationViewControllerTests.swift */; };
		268524F924AA40FA000AEDDA /* EducationViewController.swift in Sources */ = {isa = PBXBuildFile; fileRef = 268524F824AA40FA000AEDDA /* EducationViewController.swift */; };
		268524FB24AA413C000AEDDA /* EducationViewModel.swift in Sources */ = {isa = PBXBuildFile; fileRef = 268524FA24AA413C000AEDDA /* EducationViewModel.swift */; };
		268524FD24AA4198000AEDDA /* EducationContract.swift in Sources */ = {isa = PBXBuildFile; fileRef = 268524FC24AA4198000AEDDA /* EducationContract.swift */; };
		268524FF24AA43C4000AEDDA /* EducationPresenterTests.swift in Sources */ = {isa = PBXBuildFile; fileRef = 268524FE24AA43C4000AEDDA /* EducationPresenterTests.swift */; };
		2685250124AA4401000AEDDA /* EducationPresenter.swift in Sources */ = {isa = PBXBuildFile; fileRef = 2685250024AA4401000AEDDA /* EducationPresenter.swift */; };
		2685250324AA4553000AEDDA /* EducationViewModel+Equatable.swift in Sources */ = {isa = PBXBuildFile; fileRef = 2685250224AA4553000AEDDA /* EducationViewModel+Equatable.swift */; };
		2685250524AA4646000AEDDA /* EducationRecord.swift in Sources */ = {isa = PBXBuildFile; fileRef = 2685250424AA4646000AEDDA /* EducationRecord.swift */; };
		2685250824AA4953000AEDDA /* CellViewModel+InitEducationRecord.swift in Sources */ = {isa = PBXBuildFile; fileRef = 2685250724AA4953000AEDDA /* CellViewModel+InitEducationRecord.swift */; };
		2685250A24AA6C8E000AEDDA /* UIImageView+SetImageViewModel.swift in Sources */ = {isa = PBXBuildFile; fileRef = 2685250924AA6C8E000AEDDA /* UIImageView+SetImageViewModel.swift */; };
		2685250E24AA6E13000AEDDA /* TableViewHeaderViewing.swift in Sources */ = {isa = PBXBuildFile; fileRef = 2685250D24AA6E13000AEDDA /* TableViewHeaderViewing.swift */; };
		2685251024AA6ED0000AEDDA /* Size.swift in Sources */ = {isa = PBXBuildFile; fileRef = 2685250F24AA6ED0000AEDDA /* Size.swift */; };
		2685251224AA6EDD000AEDDA /* ImageType.swift in Sources */ = {isa = PBXBuildFile; fileRef = 2685251124AA6EDD000AEDDA /* ImageType.swift */; };
		2685251424AA72B1000AEDDA /* GeneralConfigurator.swift in Sources */ = {isa = PBXBuildFile; fileRef = 2685251324AA72B1000AEDDA /* GeneralConfigurator.swift */; };
		2685251624AA76C1000AEDDA /* EducationConfigurator.swift in Sources */ = {isa = PBXBuildFile; fileRef = 2685251524AA76C0000AEDDA /* EducationConfigurator.swift */; };
		2685251824AA76D6000AEDDA /* ExperienceConfigurator.swift in Sources */ = {isa = PBXBuildFile; fileRef = 2685251724AA76D6000AEDDA /* ExperienceConfigurator.swift */; };
		2685251A24AA76ED000AEDDA /* SkillsConfigurator.swift in Sources */ = {isa = PBXBuildFile; fileRef = 2685251924AA76ED000AEDDA /* SkillsConfigurator.swift */; };
		2685251C24AA7707000AEDDA /* Configurating.swift in Sources */ = {isa = PBXBuildFile; fileRef = 2685251B24AA7707000AEDDA /* Configurating.swift */; };
		2685252024AA7860000AEDDA /* MailHandlingErrorTests.swift in Sources */ = {isa = PBXBuildFile; fileRef = 2685251F24AA7860000AEDDA /* MailHandlingErrorTests.swift */; };
		2685252224AA796C000AEDDA /* UrlBrowserHandlingErrorTests.swift in Sources */ = {isa = PBXBuildFile; fileRef = 2685252124AA796C000AEDDA /* UrlBrowserHandlingErrorTests.swift */; };
		2685252424AA7989000AEDDA /* PhoneNumberHandlingErrorTests.swift in Sources */ = {isa = PBXBuildFile; fileRef = 2685252324AA7989000AEDDA /* PhoneNumberHandlingErrorTests.swift */; };
		26A8B8D424A617D1006DF5A1 /* GeneralCellTypesProvider.swift in Sources */ = {isa = PBXBuildFile; fileRef = 26A8B8D324A617D1006DF5A1 /* GeneralCellTypesProvider.swift */; };
		26A8B8D624A61A4F006DF5A1 /* GeneralCellType.swift in Sources */ = {isa = PBXBuildFile; fileRef = 26A8B8D524A61A4F006DF5A1 /* GeneralCellType.swift */; };
		26A8B8D924A61BD5006DF5A1 /* GeneralCellViewModelsProviding.swift in Sources */ = {isa = PBXBuildFile; fileRef = 26A8B8D824A61BD5006DF5A1 /* GeneralCellViewModelsProviding.swift */; };
		26A8B8DB24A61C03006DF5A1 /* GeneralCellViewModelsProvider.swift in Sources */ = {isa = PBXBuildFile; fileRef = 26A8B8DA24A61C03006DF5A1 /* GeneralCellViewModelsProvider.swift */; };
		26A8B8DE24A61C29006DF5A1 /* GeneralCellTypesProviding.swift in Sources */ = {isa = PBXBuildFile; fileRef = 26A8B8DD24A61C29006DF5A1 /* GeneralCellTypesProviding.swift */; };
		26A8B8E024A6226A006DF5A1 /* MockResumeSetter.swift in Sources */ = {isa = PBXBuildFile; fileRef = 26A8B8DF24A6226A006DF5A1 /* MockResumeSetter.swift */; };
		26A8B8E424A622FC006DF5A1 /* ResumeSetting.swift in Sources */ = {isa = PBXBuildFile; fileRef = 26A8B8E324A622FC006DF5A1 /* ResumeSetting.swift */; };
		26A8B8E724A64194006DF5A1 /* PhoneNumberHandling.swift in Sources */ = {isa = PBXBuildFile; fileRef = 26A8B8E624A64194006DF5A1 /* PhoneNumberHandling.swift */; };
		26A8B8E924A641AF006DF5A1 /* PhoneNumberHandler.swift in Sources */ = {isa = PBXBuildFile; fileRef = 26A8B8E824A641AF006DF5A1 /* PhoneNumberHandler.swift */; };
		26A8B8EB24A641CA006DF5A1 /* PhoneNumberHandlingError.swift in Sources */ = {isa = PBXBuildFile; fileRef = 26A8B8EA24A641CA006DF5A1 /* PhoneNumberHandlingError.swift */; };
		26A8B8EE24A645DD006DF5A1 /* UrlBrowserHandlingError.swift in Sources */ = {isa = PBXBuildFile; fileRef = 26A8B8ED24A645DC006DF5A1 /* UrlBrowserHandlingError.swift */; };
		26A8B8F024A645F4006DF5A1 /* UrlBrowserHandling.swift in Sources */ = {isa = PBXBuildFile; fileRef = 26A8B8EF24A645F4006DF5A1 /* UrlBrowserHandling.swift */; };
		26A8B8F224A64605006DF5A1 /* UrlBrowserHandler.swift in Sources */ = {isa = PBXBuildFile; fileRef = 26A8B8F124A64605006DF5A1 /* UrlBrowserHandler.swift */; };
		26A8B8F424A65B13006DF5A1 /* MockGeneralView.swift in Sources */ = {isa = PBXBuildFile; fileRef = 26A8B8F324A65B13006DF5A1 /* MockGeneralView.swift */; };
		26A8B8F624A65B47006DF5A1 /* MockGeneralCellTypesProvider.swift in Sources */ = {isa = PBXBuildFile; fileRef = 26A8B8F524A65B47006DF5A1 /* MockGeneralCellTypesProvider.swift */; };
		26A8B8F824A65BA4006DF5A1 /* MockPhoneNumberHandler.swift in Sources */ = {isa = PBXBuildFile; fileRef = 26A8B8F724A65BA4006DF5A1 /* MockPhoneNumberHandler.swift */; };
		26A8B8FA24A65BD4006DF5A1 /* MockUrlBrowserHandler.swift in Sources */ = {isa = PBXBuildFile; fileRef = 26A8B8F924A65BD4006DF5A1 /* MockUrlBrowserHandler.swift */; };
		26A8B8FC24A661FA006DF5A1 /* ResumeTabBarControllerTests.swift in Sources */ = {isa = PBXBuildFile; fileRef = 5A7B9A8E249CC9F4007D8199 /* ResumeTabBarControllerTests.swift */; };
		26A8B8FF24A66417006DF5A1 /* MailHandling.swift in Sources */ = {isa = PBXBuildFile; fileRef = 26A8B8FE24A66417006DF5A1 /* MailHandling.swift */; };
		26A8B90124A66440006DF5A1 /* MailHandlingError.swift in Sources */ = {isa = PBXBuildFile; fileRef = 26A8B90024A66440006DF5A1 /* MailHandlingError.swift */; };
		26A8B90324A66454006DF5A1 /* MailHandler.swift in Sources */ = {isa = PBXBuildFile; fileRef = 26A8B90224A66454006DF5A1 /* MailHandler.swift */; };
		26A8B90524A6812A006DF5A1 /* ResumeService.swift in Sources */ = {isa = PBXBuildFile; fileRef = 26A8B90424A6812A006DF5A1 /* ResumeService.swift */; };
		26A8B90724A6A97A006DF5A1 /* UIView+AddSubviews.swift in Sources */ = {isa = PBXBuildFile; fileRef = 26A8B90624A6A97A006DF5A1 /* UIView+AddSubviews.swift */; };
		26A8B90B24A6AEE1006DF5A1 /* ExperienceViewControllerTests.swift in Sources */ = {isa = PBXBuildFile; fileRef = 26A8B90A24A6AEE1006DF5A1 /* ExperienceViewControllerTests.swift */; };
		26A8B90D24A6AF30006DF5A1 /* ExperienceViewController.swift in Sources */ = {isa = PBXBuildFile; fileRef = 26A8B90C24A6AF30006DF5A1 /* ExperienceViewController.swift */; };
		26A8B90F24A6B643006DF5A1 /* TealNavigationController.swift in Sources */ = {isa = PBXBuildFile; fileRef = 26A8B90E24A6B643006DF5A1 /* TealNavigationController.swift */; };
		26D31AF024AA7AD7001D46FC /* WeakRef.swift in Sources */ = {isa = PBXBuildFile; fileRef = 26D31AEF24AA7AD7001D46FC /* WeakRef.swift */; };
		26D31AF224AA8086001D46FC /* SkillsGroup+Equatable.swift in Sources */ = {isa = PBXBuildFile; fileRef = 26D31AF124AA8086001D46FC /* SkillsGroup+Equatable.swift */; };
		26D31AF424AA80A5001D46FC /* EducationRecord+Equatable.swift in Sources */ = {isa = PBXBuildFile; fileRef = 26D31AF324AA80A5001D46FC /* EducationRecord+Equatable.swift */; };
		26D31AF924AA85C8001D46FC /* WeakRef+GeneralPresenting.swift in Sources */ = {isa = PBXBuildFile; fileRef = 26D31AF824AA85C8001D46FC /* WeakRef+GeneralPresenting.swift */; };
		26D31AFB24AA866E001D46FC /* GeneralConfiguratorTests.swift in Sources */ = {isa = PBXBuildFile; fileRef = 26D31AFA24AA866E001D46FC /* GeneralConfiguratorTests.swift */; };
		4C4052293D205555A87BB507 /* Pods_ResumeApp.framework in Frameworks */ = {isa = PBXBuildFile; fileRef = 2F029934BB1B6E51E85B5019 /* Pods_ResumeApp.framework */; };
		5A15B7CC249E2DD000DB62F5 /* MockGeneralViewController.swift in Sources */ = {isa = PBXBuildFile; fileRef = 5A15B7CB249E2DD000DB62F5 /* MockGeneralViewController.swift */; };
		5A15B7CE249E2DEC00DB62F5 /* MockResumeTabBarPresenter.swift in Sources */ = {isa = PBXBuildFile; fileRef = 5A15B7CD249E2DEC00DB62F5 /* MockResumeTabBarPresenter.swift */; };
		5A15B7D1249E2E0900DB62F5 /* TabBarItemProperties.swift in Sources */ = {isa = PBXBuildFile; fileRef = 5A15B7D0249E2E0900DB62F5 /* TabBarItemProperties.swift */; };
		5A15B7D4249E2E2300DB62F5 /* GeneralViewModel+Equatable.swift in Sources */ = {isa = PBXBuildFile; fileRef = 5A15B7D3249E2E2300DB62F5 /* GeneralViewModel+Equatable.swift */; };
		5A15B7D6249FEDBD00DB62F5 /* ResumeTabBarPresenterTests.swift in Sources */ = {isa = PBXBuildFile; fileRef = 5A15B7D5249FEDBD00DB62F5 /* ResumeTabBarPresenterTests.swift */; };
		5A15B7D9249FEFF400DB62F5 /* ResumeServicing.swift in Sources */ = {isa = PBXBuildFile; fileRef = 5A15B7D8249FEFF400DB62F5 /* ResumeServicing.swift */; };
		5A15B7DB249FF00C00DB62F5 /* MockResumeService.swift in Sources */ = {isa = PBXBuildFile; fileRef = 5A15B7DA249FF00C00DB62F5 /* MockResumeService.swift */; };
		5A15B7DD249FF2B300DB62F5 /* ResumeServiceDelegate.swift in Sources */ = {isa = PBXBuildFile; fileRef = 5A15B7DC249FF2B300DB62F5 /* ResumeServiceDelegate.swift */; };
		5A15B7E0249FF2E000DB62F5 /* Resume.swift in Sources */ = {isa = PBXBuildFile; fileRef = 5A15B7DF249FF2E000DB62F5 /* Resume.swift */; };
		5A15B7E2249FF39A00DB62F5 /* GeneralContract.swift in Sources */ = {isa = PBXBuildFile; fileRef = 5A15B7E1249FF39A00DB62F5 /* GeneralContract.swift */; };
		5A15B7E4249FF3DE00DB62F5 /* Resume+Equatable.swift in Sources */ = {isa = PBXBuildFile; fileRef = 5A15B7E3249FF3DE00DB62F5 /* Resume+Equatable.swift */; };
		5A15B7ED249FFD5D00DB62F5 /* GeneralViewControllerTests.swift in Sources */ = {isa = PBXBuildFile; fileRef = 5A15B7EC249FFD5D00DB62F5 /* GeneralViewControllerTests.swift */; };
		5A648F64249D060100F7222F /* ResumeTabBarContract.swift in Sources */ = {isa = PBXBuildFile; fileRef = 5A648F63249D060100F7222F /* ResumeTabBarContract.swift */; };
		5A6E87F624A0EBFF00DD8789 /* ThreadGuarantee.swift in Sources */ = {isa = PBXBuildFile; fileRef = 5A6E87F524A0EBFF00DD8789 /* ThreadGuarantee.swift */; };
		5A6E87FB24A0EC6E00DD8789 /* Margins.swift in Sources */ = {isa = PBXBuildFile; fileRef = 5A6E87FA24A0EC6E00DD8789 /* Margins.swift */; };
		5A6E87FE24A0EC8D00DD8789 /* PersonView.swift in Sources */ = {isa = PBXBuildFile; fileRef = 5A6E87FD24A0EC8D00DD8789 /* PersonView.swift */; };
		5A7B9A6D249CC39A007D8199 /* AppDelegate.swift in Sources */ = {isa = PBXBuildFile; fileRef = 5A7B9A6C249CC39A007D8199 /* AppDelegate.swift */; };
		5A7B9A6F249CC39A007D8199 /* SceneDelegate.swift in Sources */ = {isa = PBXBuildFile; fileRef = 5A7B9A6E249CC39A007D8199 /* SceneDelegate.swift */; };
		5A7B9A76249CC39C007D8199 /* Assets.xcassets in Resources */ = {isa = PBXBuildFile; fileRef = 5A7B9A75249CC39C007D8199 /* Assets.xcassets */; };
		5A7B9A79249CC39C007D8199 /* LaunchScreen.storyboard in Resources */ = {isa = PBXBuildFile; fileRef = 5A7B9A77249CC39C007D8199 /* LaunchScreen.storyboard */; };
		5A7B9A92249CCA18007D8199 /* ResumeTabBarController.swift in Sources */ = {isa = PBXBuildFile; fileRef = 5A7B9A91249CCA18007D8199 /* ResumeTabBarController.swift */; };
		5A7B9A95249CF147007D8199 /* GeneralViewController.swift in Sources */ = {isa = PBXBuildFile; fileRef = 5A7B9A94249CF147007D8199 /* GeneralViewController.swift */; };
		5A7B9A99249CF4AB007D8199 /* ResumeTabBarPresenter.swift in Sources */ = {isa = PBXBuildFile; fileRef = 5A7B9A98249CF4AB007D8199 /* ResumeTabBarPresenter.swift */; };
		9E52ED2A73A2782F6C60FD85 /* Pods_ResumeAppTests.framework in Frameworks */ = {isa = PBXBuildFile; fileRef = 32B68214AD81EB5919DB1F71 /* Pods_ResumeAppTests.framework */; };
/* End PBXBuildFile section */

/* Begin PBXContainerItemProxy section */
		5A7B9A80249CC39C007D8199 /* PBXContainerItemProxy */ = {
			isa = PBXContainerItemProxy;
			containerPortal = 5A7B9A61249CC39A007D8199 /* Project object */;
			proxyType = 1;
			remoteGlobalIDString = 5A7B9A68249CC39A007D8199;
			remoteInfo = Mediaflex_CV_App;
		};
/* End PBXContainerItemProxy section */

/* Begin PBXFileReference section */
		2625268B24A3CAF900E301F9 /* NSLayoutConstraint+AnchorConstraints.swift */ = {isa = PBXFileReference; lastKnownFileType = sourcecode.swift; path = "NSLayoutConstraint+AnchorConstraints.swift"; sourceTree = "<group>"; };
		2625268D24A3CD7500E301F9 /* PersonViewViewModel.swift */ = {isa = PBXFileReference; lastKnownFileType = sourcecode.swift; path = PersonViewViewModel.swift; sourceTree = "<group>"; };
		2625269024A3CDBF00E301F9 /* GeneralViewModel.swift */ = {isa = PBXFileReference; lastKnownFileType = sourcecode.swift; path = GeneralViewModel.swift; sourceTree = "<group>"; };
		2625269424A3CDF600E301F9 /* CellViewModel.swift */ = {isa = PBXFileReference; lastKnownFileType = sourcecode.swift; path = CellViewModel.swift; sourceTree = "<group>"; };
		26279BC124A78B90000CA5D2 /* ExperienceViewModel.swift */ = {isa = PBXFileReference; lastKnownFileType = sourcecode.swift; path = ExperienceViewModel.swift; sourceTree = "<group>"; };
		26279BC324A78C32000CA5D2 /* ExperienceContract.swift */ = {isa = PBXFileReference; lastKnownFileType = sourcecode.swift; path = ExperienceContract.swift; sourceTree = "<group>"; };
		26279BC524A79D10000CA5D2 /* Delay.swift */ = {isa = PBXFileReference; lastKnownFileType = sourcecode.swift; path = Delay.swift; sourceTree = "<group>"; };
		26279BC724A7A0C3000CA5D2 /* CompanyExperience.swift */ = {isa = PBXFileReference; lastKnownFileType = sourcecode.swift; path = CompanyExperience.swift; sourceTree = "<group>"; };
		26279BC924A7A1C0000CA5D2 /* ExperiencePresenterTests.swift */ = {isa = PBXFileReference; lastKnownFileType = sourcecode.swift; path = ExperiencePresenterTests.swift; sourceTree = "<group>"; };
		26279BCB24A7A29E000CA5D2 /* ExperiencePresenter.swift */ = {isa = PBXFileReference; lastKnownFileType = sourcecode.swift; path = ExperiencePresenter.swift; sourceTree = "<group>"; };
		26279BCD24A7A43A000CA5D2 /* MockExperienceView.swift */ = {isa = PBXFileReference; lastKnownFileType = sourcecode.swift; path = MockExperienceView.swift; sourceTree = "<group>"; };
		26279BCF24A7A4C9000CA5D2 /* ExperienceViewModel+Equatable.swift */ = {isa = PBXFileReference; lastKnownFileType = sourcecode.swift; path = "ExperienceViewModel+Equatable.swift"; sourceTree = "<group>"; };
		262960A124A3D16F0009FD29 /* UIImage+Resize.swift */ = {isa = PBXFileReference; lastKnownFileType = sourcecode.swift; path = "UIImage+Resize.swift"; sourceTree = "<group>"; };
		262960A524A3FC850009FD29 /* SkillsViewControllerTests.swift */ = {isa = PBXFileReference; lastKnownFileType = sourcecode.swift; path = SkillsViewControllerTests.swift; sourceTree = "<group>"; };
		262960A724A3FD7A0009FD29 /* SkillsViewController.swift */ = {isa = PBXFileReference; lastKnownFileType = sourcecode.swift; path = SkillsViewController.swift; sourceTree = "<group>"; };
		262960A924A3FE360009FD29 /* SkillsViewModel.swift */ = {isa = PBXFileReference; lastKnownFileType = sourcecode.swift; path = SkillsViewModel.swift; sourceTree = "<group>"; };
		262960AB24A3FE880009FD29 /* SkillsContract.swift */ = {isa = PBXFileReference; lastKnownFileType = sourcecode.swift; path = SkillsContract.swift; sourceTree = "<group>"; };
		262960AD24A410430009FD29 /* UITableView+CellAtRow.swift */ = {isa = PBXFileReference; lastKnownFileType = sourcecode.swift; path = "UITableView+CellAtRow.swift"; sourceTree = "<group>"; };
		262960AF24A4AAB70009FD29 /* MockSkillsPresenter.swift */ = {isa = PBXFileReference; lastKnownFileType = sourcecode.swift; path = MockSkillsPresenter.swift; sourceTree = "<group>"; };
		262960B124A4AAE10009FD29 /* MockGeneralPresenter.swift */ = {isa = PBXFileReference; lastKnownFileType = sourcecode.swift; path = MockGeneralPresenter.swift; sourceTree = "<group>"; };
		262960B324A4ACDB0009FD29 /* SkillsPresenterTests.swift */ = {isa = PBXFileReference; lastKnownFileType = sourcecode.swift; path = SkillsPresenterTests.swift; sourceTree = "<group>"; };
		262960B524A4AD510009FD29 /* SkillsPresenter.swift */ = {isa = PBXFileReference; lastKnownFileType = sourcecode.swift; path = SkillsPresenter.swift; sourceTree = "<group>"; };
		262960B724A4BB670009FD29 /* SectionViewModel.swift */ = {isa = PBXFileReference; lastKnownFileType = sourcecode.swift; path = SectionViewModel.swift; sourceTree = "<group>"; };
		262960BB24A4BC610009FD29 /* SkillsViewModel+Equatable.swift */ = {isa = PBXFileReference; lastKnownFileType = sourcecode.swift; path = "SkillsViewModel+Equatable.swift"; sourceTree = "<group>"; };
		262960BD24A4BC9F0009FD29 /* PersonViewModel+Equatable.swift */ = {isa = PBXFileReference; lastKnownFileType = sourcecode.swift; path = "PersonViewModel+Equatable.swift"; sourceTree = "<group>"; };
		262960BF24A4BCF00009FD29 /* CellViewModel+Equatable.swift */ = {isa = PBXFileReference; lastKnownFileType = sourcecode.swift; path = "CellViewModel+Equatable.swift"; sourceTree = "<group>"; };
		262960C124A4BD140009FD29 /* SectionViewModel+Equatable.swift */ = {isa = PBXFileReference; lastKnownFileType = sourcecode.swift; path = "SectionViewModel+Equatable.swift"; sourceTree = "<group>"; };
		262960C324A4BD7B0009FD29 /* SkillsGroup.swift */ = {isa = PBXFileReference; lastKnownFileType = sourcecode.swift; path = SkillsGroup.swift; sourceTree = "<group>"; };
		262960C524A4D0900009FD29 /* TableViewHeaderView.swift */ = {isa = PBXFileReference; lastKnownFileType = sourcecode.swift; path = TableViewHeaderView.swift; sourceTree = "<group>"; };
		262960C724A4D2530009FD29 /* UITableView+RemoveTrailingSeparators.swift */ = {isa = PBXFileReference; lastKnownFileType = sourcecode.swift; path = "UITableView+RemoveTrailingSeparators.swift"; sourceTree = "<group>"; };
		262960C924A5093F0009FD29 /* UITableViewCell+CellStyle.swift */ = {isa = PBXFileReference; lastKnownFileType = sourcecode.swift; path = "UITableViewCell+CellStyle.swift"; sourceTree = "<group>"; };
		262960CB24A5097C0009FD29 /* UITableViewCell+SelectionStyle.swift */ = {isa = PBXFileReference; lastKnownFileType = sourcecode.swift; path = "UITableViewCell+SelectionStyle.swift"; sourceTree = "<group>"; };
		262E825924A92FA200B8373F /* ImageViewModel.swift */ = {isa = PBXFileReference; lastKnownFileType = sourcecode.swift; path = ImageViewModel.swift; sourceTree = "<group>"; };
		262E825B24A92FF000B8373F /* CGSize+InitSize.swift */ = {isa = PBXFileReference; lastKnownFileType = sourcecode.swift; path = "CGSize+InitSize.swift"; sourceTree = "<group>"; };
		262E825D24A9303F00B8373F /* ImageViewModel+Equatable.swift */ = {isa = PBXFileReference; lastKnownFileType = sourcecode.swift; path = "ImageViewModel+Equatable.swift"; sourceTree = "<group>"; };
		262E825F24A931AE00B8373F /* ImageType+Equatable.swift */ = {isa = PBXFileReference; lastKnownFileType = sourcecode.swift; path = "ImageType+Equatable.swift"; sourceTree = "<group>"; };
		262E826124A931D100B8373F /* Size+Equatable.swift */ = {isa = PBXFileReference; lastKnownFileType = sourcecode.swift; path = "Size+Equatable.swift"; sourceTree = "<group>"; };
		262E826324A9480A00B8373F /* CompanyExperienceDetails.swift */ = {isa = PBXFileReference; lastKnownFileType = sourcecode.swift; path = CompanyExperienceDetails.swift; sourceTree = "<group>"; };
		262E826524A94C4800B8373F /* MockExperiencePresenter.swift */ = {isa = PBXFileReference; lastKnownFileType = sourcecode.swift; path = MockExperiencePresenter.swift; sourceTree = "<group>"; };
		262E826724A94F6800B8373F /* CompanyExperience+Equatable.swift */ = {isa = PBXFileReference; lastKnownFileType = sourcecode.swift; path = "CompanyExperience+Equatable.swift"; sourceTree = "<group>"; };
		262E826924A9501600B8373F /* CompanyExperienceDetails+Equatable.swift */ = {isa = PBXFileReference; lastKnownFileType = sourcecode.swift; path = "CompanyExperienceDetails+Equatable.swift"; sourceTree = "<group>"; };
		262E826B24A9515C00B8373F /* MockRouter.swift */ = {isa = PBXFileReference; lastKnownFileType = sourcecode.swift; path = MockRouter.swift; sourceTree = "<group>"; };
		262E826D24A956A900B8373F /* RouterTests.swift */ = {isa = PBXFileReference; lastKnownFileType = sourcecode.swift; path = RouterTests.swift; sourceTree = "<group>"; };
		262E826F24A956E400B8373F /* Router.swift */ = {isa = PBXFileReference; lastKnownFileType = sourcecode.swift; path = Router.swift; sourceTree = "<group>"; };
		2636AB4024AA03D7004B866D /* CompanyExperienceDetailViewController.swift */ = {isa = PBXFileReference; lastKnownFileType = sourcecode.swift; path = CompanyExperienceDetailViewController.swift; sourceTree = "<group>"; };
		2636AB4324AA063A004B866D /* CompanyExperienceDetailViewControllerTests.swift */ = {isa = PBXFileReference; lastKnownFileType = sourcecode.swift; path = CompanyExperienceDetailViewControllerTests.swift; sourceTree = "<group>"; };
		2636AB4524AA0892004B866D /* CompanyExperienceHeaderView.swift */ = {isa = PBXFileReference; lastKnownFileType = sourcecode.swift; path = CompanyExperienceHeaderView.swift; sourceTree = "<group>"; };
		2636AB4724AA0982004B866D /* CompanyExperienceDetailContract.swift */ = {isa = PBXFileReference; lastKnownFileType = sourcecode.swift; path = CompanyExperienceDetailContract.swift; sourceTree = "<group>"; };
		2636AB4924AA0ACD004B866D /* CompanyExperienceDetailViewModel.swift */ = {isa = PBXFileReference; lastKnownFileType = sourcecode.swift; path = CompanyExperienceDetailViewModel.swift; sourceTree = "<group>"; };
		2636AB4B24AA1087004B866D /* MockCompanyExperienceDetailPresenter.swift */ = {isa = PBXFileReference; lastKnownFileType = sourcecode.swift; path = MockCompanyExperienceDetailPresenter.swift; sourceTree = "<group>"; };
		2636AB4D24AA10B2004B866D /* CompanyExperienceDetailPresenterTests.swift */ = {isa = PBXFileReference; lastKnownFileType = sourcecode.swift; path = CompanyExperienceDetailPresenterTests.swift; sourceTree = "<group>"; };
		2636AB4F24AA10FE004B866D /* CompanyExperienceDetailPresenter.swift */ = {isa = PBXFileReference; lastKnownFileType = sourcecode.swift; path = CompanyExperienceDetailPresenter.swift; sourceTree = "<group>"; };
		2636AB5124AA1207004B866D /* CompanyExperienceDetailViewModel+Equatable.swift */ = {isa = PBXFileReference; lastKnownFileType = sourcecode.swift; path = "CompanyExperienceDetailViewModel+Equatable.swift"; sourceTree = "<group>"; };
		2636AB5324AA168F004B866D /* CompanyExperienceHeaderViewModel.swift */ = {isa = PBXFileReference; lastKnownFileType = sourcecode.swift; path = CompanyExperienceHeaderViewModel.swift; sourceTree = "<group>"; };
		2636AB5624AA16E3004B866D /* CompanyExperienceHeaderViewing.swift */ = {isa = PBXFileReference; lastKnownFileType = sourcecode.swift; path = CompanyExperienceHeaderViewing.swift; sourceTree = "<group>"; };
		2640ADF724A8CEA600F7134E /* UIImage+InitColorSize.swift */ = {isa = PBXFileReference; lastKnownFileType = sourcecode.swift; path = "UIImage+InitColorSize.swift"; sourceTree = "<group>"; };
		26742ACB24A39B3A001D9444 /* GeneralPresenter.swift */ = {isa = PBXFileReference; lastKnownFileType = sourcecode.swift; path = GeneralPresenter.swift; sourceTree = "<group>"; };
		26742ACD24A39B99001D9444 /* GeneralPresenterTests.swift */ = {isa = PBXFileReference; lastKnownFileType = sourcecode.swift; path = GeneralPresenterTests.swift; sourceTree = "<group>"; };
		26742ACF24A3A6BD001D9444 /* PersonViewing.swift */ = {isa = PBXFileReference; lastKnownFileType = sourcecode.swift; path = PersonViewing.swift; sourceTree = "<group>"; };
		26742AD124A3A73D001D9444 /* FakeResumeService.swift */ = {isa = PBXFileReference; lastKnownFileType = sourcecode.swift; path = FakeResumeService.swift; sourceTree = "<group>"; };
		26742AD424A3AD24001D9444 /* CellViewModelUpdating.swift */ = {isa = PBXFileReference; lastKnownFileType = sourcecode.swift; path = CellViewModelUpdating.swift; sourceTree = "<group>"; };
		26742AD624A3AD93001D9444 /* UITableViewCell+CellViewModelUpdating.swift */ = {isa = PBXFileReference; lastKnownFileType = sourcecode.swift; path = "UITableViewCell+CellViewModelUpdating.swift"; sourceTree = "<group>"; };
		26742AD924A3C289001D9444 /* PersonViewTests.swift */ = {isa = PBXFileReference; lastKnownFileType = sourcecode.swift; path = PersonViewTests.swift; sourceTree = "<group>"; };
		268524F524AA407D000AEDDA /* EducationViewControllerTests.swift */ = {isa = PBXFileReference; lastKnownFileType = sourcecode.swift; path = EducationViewControllerTests.swift; sourceTree = "<group>"; };
		268524F824AA40FA000AEDDA /* EducationViewController.swift */ = {isa = PBXFileReference; lastKnownFileType = sourcecode.swift; path = EducationViewController.swift; sourceTree = "<group>"; };
		268524FA24AA413C000AEDDA /* EducationViewModel.swift */ = {isa = PBXFileReference; lastKnownFileType = sourcecode.swift; path = EducationViewModel.swift; sourceTree = "<group>"; };
		268524FC24AA4198000AEDDA /* EducationContract.swift */ = {isa = PBXFileReference; lastKnownFileType = sourcecode.swift; path = EducationContract.swift; sourceTree = "<group>"; };
		268524FE24AA43C4000AEDDA /* EducationPresenterTests.swift */ = {isa = PBXFileReference; lastKnownFileType = sourcecode.swift; path = EducationPresenterTests.swift; sourceTree = "<group>"; };
		2685250024AA4401000AEDDA /* EducationPresenter.swift */ = {isa = PBXFileReference; lastKnownFileType = sourcecode.swift; path = EducationPresenter.swift; sourceTree = "<group>"; };
		2685250224AA4553000AEDDA /* EducationViewModel+Equatable.swift */ = {isa = PBXFileReference; lastKnownFileType = sourcecode.swift; path = "EducationViewModel+Equatable.swift"; sourceTree = "<group>"; };
		2685250424AA4646000AEDDA /* EducationRecord.swift */ = {isa = PBXFileReference; lastKnownFileType = sourcecode.swift; path = EducationRecord.swift; sourceTree = "<group>"; };
		2685250724AA4953000AEDDA /* CellViewModel+InitEducationRecord.swift */ = {isa = PBXFileReference; lastKnownFileType = sourcecode.swift; path = "CellViewModel+InitEducationRecord.swift"; sourceTree = "<group>"; };
		2685250924AA6C8E000AEDDA /* UIImageView+SetImageViewModel.swift */ = {isa = PBXFileReference; lastKnownFileType = sourcecode.swift; path = "UIImageView+SetImageViewModel.swift"; sourceTree = "<group>"; };
		2685250D24AA6E13000AEDDA /* TableViewHeaderViewing.swift */ = {isa = PBXFileReference; lastKnownFileType = sourcecode.swift; path = TableViewHeaderViewing.swift; sourceTree = "<group>"; };
		2685250F24AA6ED0000AEDDA /* Size.swift */ = {isa = PBXFileReference; lastKnownFileType = sourcecode.swift; path = Size.swift; sourceTree = "<group>"; };
		2685251124AA6EDD000AEDDA /* ImageType.swift */ = {isa = PBXFileReference; lastKnownFileType = sourcecode.swift; path = ImageType.swift; sourceTree = "<group>"; };
		2685251324AA72B1000AEDDA /* GeneralConfigurator.swift */ = {isa = PBXFileReference; lastKnownFileType = sourcecode.swift; path = GeneralConfigurator.swift; sourceTree = "<group>"; };
		2685251524AA76C0000AEDDA /* EducationConfigurator.swift */ = {isa = PBXFileReference; lastKnownFileType = sourcecode.swift; path = EducationConfigurator.swift; sourceTree = "<group>"; };
		2685251724AA76D6000AEDDA /* ExperienceConfigurator.swift */ = {isa = PBXFileReference; lastKnownFileType = sourcecode.swift; path = ExperienceConfigurator.swift; sourceTree = "<group>"; };
		2685251924AA76ED000AEDDA /* SkillsConfigurator.swift */ = {isa = PBXFileReference; lastKnownFileType = sourcecode.swift; path = SkillsConfigurator.swift; sourceTree = "<group>"; };
		2685251B24AA7707000AEDDA /* Configurating.swift */ = {isa = PBXFileReference; lastKnownFileType = sourcecode.swift; path = Configurating.swift; sourceTree = "<group>"; };
		2685251F24AA7860000AEDDA /* MailHandlingErrorTests.swift */ = {isa = PBXFileReference; lastKnownFileType = sourcecode.swift; path = MailHandlingErrorTests.swift; sourceTree = "<group>"; };
		2685252124AA796C000AEDDA /* UrlBrowserHandlingErrorTests.swift */ = {isa = PBXFileReference; lastKnownFileType = sourcecode.swift; path = UrlBrowserHandlingErrorTests.swift; sourceTree = "<group>"; };
		2685252324AA7989000AEDDA /* PhoneNumberHandlingErrorTests.swift */ = {isa = PBXFileReference; lastKnownFileType = sourcecode.swift; path = PhoneNumberHandlingErrorTests.swift; sourceTree = "<group>"; };
		26A8B8D324A617D1006DF5A1 /* GeneralCellTypesProvider.swift */ = {isa = PBXFileReference; lastKnownFileType = sourcecode.swift; path = GeneralCellTypesProvider.swift; sourceTree = "<group>"; };
		26A8B8D524A61A4F006DF5A1 /* GeneralCellType.swift */ = {isa = PBXFileReference; lastKnownFileType = sourcecode.swift; path = GeneralCellType.swift; sourceTree = "<group>"; };
		26A8B8D824A61BD5006DF5A1 /* GeneralCellViewModelsProviding.swift */ = {isa = PBXFileReference; lastKnownFileType = sourcecode.swift; path = GeneralCellViewModelsProviding.swift; sourceTree = "<group>"; };
		26A8B8DA24A61C03006DF5A1 /* GeneralCellViewModelsProvider.swift */ = {isa = PBXFileReference; lastKnownFileType = sourcecode.swift; path = GeneralCellViewModelsProvider.swift; sourceTree = "<group>"; };
		26A8B8DD24A61C29006DF5A1 /* GeneralCellTypesProviding.swift */ = {isa = PBXFileReference; lastKnownFileType = sourcecode.swift; path = GeneralCellTypesProviding.swift; sourceTree = "<group>"; };
		26A8B8DF24A6226A006DF5A1 /* MockResumeSetter.swift */ = {isa = PBXFileReference; lastKnownFileType = sourcecode.swift; path = MockResumeSetter.swift; sourceTree = "<group>"; };
		26A8B8E324A622FC006DF5A1 /* ResumeSetting.swift */ = {isa = PBXFileReference; lastKnownFileType = sourcecode.swift; path = ResumeSetting.swift; sourceTree = "<group>"; };
		26A8B8E624A64194006DF5A1 /* PhoneNumberHandling.swift */ = {isa = PBXFileReference; lastKnownFileType = sourcecode.swift; path = PhoneNumberHandling.swift; sourceTree = "<group>"; };
		26A8B8E824A641AF006DF5A1 /* PhoneNumberHandler.swift */ = {isa = PBXFileReference; lastKnownFileType = sourcecode.swift; path = PhoneNumberHandler.swift; sourceTree = "<group>"; };
		26A8B8EA24A641CA006DF5A1 /* PhoneNumberHandlingError.swift */ = {isa = PBXFileReference; lastKnownFileType = sourcecode.swift; path = PhoneNumberHandlingError.swift; sourceTree = "<group>"; };
		26A8B8ED24A645DC006DF5A1 /* UrlBrowserHandlingError.swift */ = {isa = PBXFileReference; lastKnownFileType = sourcecode.swift; path = UrlBrowserHandlingError.swift; sourceTree = "<group>"; };
		26A8B8EF24A645F4006DF5A1 /* UrlBrowserHandling.swift */ = {isa = PBXFileReference; lastKnownFileType = sourcecode.swift; path = UrlBrowserHandling.swift; sourceTree = "<group>"; };
		26A8B8F124A64605006DF5A1 /* UrlBrowserHandler.swift */ = {isa = PBXFileReference; lastKnownFileType = sourcecode.swift; path = UrlBrowserHandler.swift; sourceTree = "<group>"; };
		26A8B8F324A65B13006DF5A1 /* MockGeneralView.swift */ = {isa = PBXFileReference; lastKnownFileType = sourcecode.swift; path = MockGeneralView.swift; sourceTree = "<group>"; };
		26A8B8F524A65B47006DF5A1 /* MockGeneralCellTypesProvider.swift */ = {isa = PBXFileReference; lastKnownFileType = sourcecode.swift; path = MockGeneralCellTypesProvider.swift; sourceTree = "<group>"; };
		26A8B8F724A65BA4006DF5A1 /* MockPhoneNumberHandler.swift */ = {isa = PBXFileReference; lastKnownFileType = sourcecode.swift; path = MockPhoneNumberHandler.swift; sourceTree = "<group>"; };
		26A8B8F924A65BD4006DF5A1 /* MockUrlBrowserHandler.swift */ = {isa = PBXFileReference; lastKnownFileType = sourcecode.swift; path = MockUrlBrowserHandler.swift; sourceTree = "<group>"; };
		26A8B8FE24A66417006DF5A1 /* MailHandling.swift */ = {isa = PBXFileReference; lastKnownFileType = sourcecode.swift; path = MailHandling.swift; sourceTree = "<group>"; };
		26A8B90024A66440006DF5A1 /* MailHandlingError.swift */ = {isa = PBXFileReference; lastKnownFileType = sourcecode.swift; path = MailHandlingError.swift; sourceTree = "<group>"; };
		26A8B90224A66454006DF5A1 /* MailHandler.swift */ = {isa = PBXFileReference; lastKnownFileType = sourcecode.swift; path = MailHandler.swift; sourceTree = "<group>"; };
		26A8B90424A6812A006DF5A1 /* ResumeService.swift */ = {isa = PBXFileReference; lastKnownFileType = sourcecode.swift; path = ResumeService.swift; sourceTree = "<group>"; };
		26A8B90624A6A97A006DF5A1 /* UIView+AddSubviews.swift */ = {isa = PBXFileReference; lastKnownFileType = sourcecode.swift; path = "UIView+AddSubviews.swift"; sourceTree = "<group>"; };
		26A8B90A24A6AEE1006DF5A1 /* ExperienceViewControllerTests.swift */ = {isa = PBXFileReference; lastKnownFileType = sourcecode.swift; path = ExperienceViewControllerTests.swift; sourceTree = "<group>"; };
		26A8B90C24A6AF30006DF5A1 /* ExperienceViewController.swift */ = {isa = PBXFileReference; lastKnownFileType = sourcecode.swift; path = ExperienceViewController.swift; sourceTree = "<group>"; };
		26A8B90E24A6B643006DF5A1 /* TealNavigationController.swift */ = {isa = PBXFileReference; lastKnownFileType = sourcecode.swift; path = TealNavigationController.swift; sourceTree = "<group>"; };
		26D31AEF24AA7AD7001D46FC /* WeakRef.swift */ = {isa = PBXFileReference; lastKnownFileType = sourcecode.swift; path = WeakRef.swift; sourceTree = "<group>"; };
		26D31AF124AA8086001D46FC /* SkillsGroup+Equatable.swift */ = {isa = PBXFileReference; lastKnownFileType = sourcecode.swift; path = "SkillsGroup+Equatable.swift"; sourceTree = "<group>"; };
		26D31AF324AA80A5001D46FC /* EducationRecord+Equatable.swift */ = {isa = PBXFileReference; lastKnownFileType = sourcecode.swift; path = "EducationRecord+Equatable.swift"; sourceTree = "<group>"; };
		26D31AF824AA85C8001D46FC /* WeakRef+GeneralPresenting.swift */ = {isa = PBXFileReference; lastKnownFileType = sourcecode.swift; path = "WeakRef+GeneralPresenting.swift"; sourceTree = "<group>"; };
		26D31AFA24AA866E001D46FC /* GeneralConfiguratorTests.swift */ = {isa = PBXFileReference; lastKnownFileType = sourcecode.swift; path = GeneralConfiguratorTests.swift; sourceTree = "<group>"; };
		2E227BA0C0214DEDAD5BB6CF /* Pods-ResumeApp.debug.xcconfig */ = {isa = PBXFileReference; includeInIndex = 1; lastKnownFileType = text.xcconfig; name = "Pods-ResumeApp.debug.xcconfig"; path = "Target Support Files/Pods-ResumeApp/Pods-ResumeApp.debug.xcconfig"; sourceTree = "<group>"; };
		2F029934BB1B6E51E85B5019 /* Pods_ResumeApp.framework */ = {isa = PBXFileReference; explicitFileType = wrapper.framework; includeInIndex = 0; path = Pods_ResumeApp.framework; sourceTree = BUILT_PRODUCTS_DIR; };
		32B68214AD81EB5919DB1F71 /* Pods_ResumeAppTests.framework */ = {isa = PBXFileReference; explicitFileType = wrapper.framework; includeInIndex = 0; path = Pods_ResumeAppTests.framework; sourceTree = BUILT_PRODUCTS_DIR; };
		38B09279F4BDA4250C1AB77B /* Pods-ResumeAppTests.debug.xcconfig */ = {isa = PBXFileReference; includeInIndex = 1; lastKnownFileType = text.xcconfig; name = "Pods-ResumeAppTests.debug.xcconfig"; path = "Target Support Files/Pods-ResumeAppTests/Pods-ResumeAppTests.debug.xcconfig"; sourceTree = "<group>"; };
		5A15B7CB249E2DD000DB62F5 /* MockGeneralViewController.swift */ = {isa = PBXFileReference; lastKnownFileType = sourcecode.swift; path = MockGeneralViewController.swift; sourceTree = "<group>"; };
		5A15B7CD249E2DEC00DB62F5 /* MockResumeTabBarPresenter.swift */ = {isa = PBXFileReference; lastKnownFileType = sourcecode.swift; path = MockResumeTabBarPresenter.swift; sourceTree = "<group>"; };
		5A15B7D0249E2E0900DB62F5 /* TabBarItemProperties.swift */ = {isa = PBXFileReference; lastKnownFileType = sourcecode.swift; path = TabBarItemProperties.swift; sourceTree = "<group>"; };
		5A15B7D3249E2E2300DB62F5 /* GeneralViewModel+Equatable.swift */ = {isa = PBXFileReference; lastKnownFileType = sourcecode.swift; path = "GeneralViewModel+Equatable.swift"; sourceTree = "<group>"; };
		5A15B7D5249FEDBD00DB62F5 /* ResumeTabBarPresenterTests.swift */ = {isa = PBXFileReference; lastKnownFileType = sourcecode.swift; path = ResumeTabBarPresenterTests.swift; sourceTree = "<group>"; };
		5A15B7D8249FEFF400DB62F5 /* ResumeServicing.swift */ = {isa = PBXFileReference; lastKnownFileType = sourcecode.swift; path = ResumeServicing.swift; sourceTree = "<group>"; };
		5A15B7DA249FF00C00DB62F5 /* MockResumeService.swift */ = {isa = PBXFileReference; lastKnownFileType = sourcecode.swift; path = MockResumeService.swift; sourceTree = "<group>"; };
		5A15B7DC249FF2B300DB62F5 /* ResumeServiceDelegate.swift */ = {isa = PBXFileReference; lastKnownFileType = sourcecode.swift; path = ResumeServiceDelegate.swift; sourceTree = "<group>"; };
		5A15B7DF249FF2E000DB62F5 /* Resume.swift */ = {isa = PBXFileReference; lastKnownFileType = sourcecode.swift; path = Resume.swift; sourceTree = "<group>"; };
		5A15B7E1249FF39A00DB62F5 /* GeneralContract.swift */ = {isa = PBXFileReference; lastKnownFileType = sourcecode.swift; path = GeneralContract.swift; sourceTree = "<group>"; };
		5A15B7E3249FF3DE00DB62F5 /* Resume+Equatable.swift */ = {isa = PBXFileReference; lastKnownFileType = sourcecode.swift; path = "Resume+Equatable.swift"; sourceTree = "<group>"; };
		5A15B7EC249FFD5D00DB62F5 /* GeneralViewControllerTests.swift */ = {isa = PBXFileReference; lastKnownFileType = sourcecode.swift; path = GeneralViewControllerTests.swift; sourceTree = "<group>"; };
		5A648F63249D060100F7222F /* ResumeTabBarContract.swift */ = {isa = PBXFileReference; lastKnownFileType = sourcecode.swift; path = ResumeTabBarContract.swift; sourceTree = "<group>"; };
		5A6E87F524A0EBFF00DD8789 /* ThreadGuarantee.swift */ = {isa = PBXFileReference; lastKnownFileType = sourcecode.swift; path = ThreadGuarantee.swift; sourceTree = "<group>"; };
		5A6E87FA24A0EC6E00DD8789 /* Margins.swift */ = {isa = PBXFileReference; lastKnownFileType = sourcecode.swift; path = Margins.swift; sourceTree = "<group>"; };
		5A6E87FD24A0EC8D00DD8789 /* PersonView.swift */ = {isa = PBXFileReference; lastKnownFileType = sourcecode.swift; path = PersonView.swift; sourceTree = "<group>"; };
		5A7B9A69249CC39A007D8199 /* ResumeApp.app */ = {isa = PBXFileReference; explicitFileType = wrapper.application; includeInIndex = 0; path = ResumeApp.app; sourceTree = BUILT_PRODUCTS_DIR; };
		5A7B9A6C249CC39A007D8199 /* AppDelegate.swift */ = {isa = PBXFileReference; lastKnownFileType = sourcecode.swift; path = AppDelegate.swift; sourceTree = "<group>"; };
		5A7B9A6E249CC39A007D8199 /* SceneDelegate.swift */ = {isa = PBXFileReference; lastKnownFileType = sourcecode.swift; path = SceneDelegate.swift; sourceTree = "<group>"; };
		5A7B9A75249CC39C007D8199 /* Assets.xcassets */ = {isa = PBXFileReference; lastKnownFileType = folder.assetcatalog; path = Assets.xcassets; sourceTree = "<group>"; };
		5A7B9A78249CC39C007D8199 /* Base */ = {isa = PBXFileReference; lastKnownFileType = file.storyboard; name = Base; path = Base.lproj/LaunchScreen.storyboard; sourceTree = "<group>"; };
		5A7B9A7A249CC39C007D8199 /* Info.plist */ = {isa = PBXFileReference; lastKnownFileType = text.plist.xml; path = Info.plist; sourceTree = "<group>"; };
		5A7B9A7F249CC39C007D8199 /* ResumeAppTests.xctest */ = {isa = PBXFileReference; explicitFileType = wrapper.cfbundle; includeInIndex = 0; path = ResumeAppTests.xctest; sourceTree = BUILT_PRODUCTS_DIR; };
		5A7B9A85249CC39D007D8199 /* Info.plist */ = {isa = PBXFileReference; lastKnownFileType = text.plist.xml; path = Info.plist; sourceTree = "<group>"; };
		5A7B9A8E249CC9F4007D8199 /* ResumeTabBarControllerTests.swift */ = {isa = PBXFileReference; lastKnownFileType = sourcecode.swift; path = ResumeTabBarControllerTests.swift; sourceTree = "<group>"; };
		5A7B9A91249CCA18007D8199 /* ResumeTabBarController.swift */ = {isa = PBXFileReference; lastKnownFileType = sourcecode.swift; path = ResumeTabBarController.swift; sourceTree = "<group>"; };
		5A7B9A94249CF147007D8199 /* GeneralViewController.swift */ = {isa = PBXFileReference; lastKnownFileType = sourcecode.swift; path = GeneralViewController.swift; sourceTree = "<group>"; };
		5A7B9A98249CF4AB007D8199 /* ResumeTabBarPresenter.swift */ = {isa = PBXFileReference; lastKnownFileType = sourcecode.swift; path = ResumeTabBarPresenter.swift; sourceTree = "<group>"; };
		751A4C31B4F840C32B492FDF /* Pods-ResumeApp.release.xcconfig */ = {isa = PBXFileReference; includeInIndex = 1; lastKnownFileType = text.xcconfig; name = "Pods-ResumeApp.release.xcconfig"; path = "Target Support Files/Pods-ResumeApp/Pods-ResumeApp.release.xcconfig"; sourceTree = "<group>"; };
		B16A3A00A36E2436DE3D84FE /* Pods-ResumeAppTests.release.xcconfig */ = {isa = PBXFileReference; includeInIndex = 1; lastKnownFileType = text.xcconfig; name = "Pods-ResumeAppTests.release.xcconfig"; path = "Target Support Files/Pods-ResumeAppTests/Pods-ResumeAppTests.release.xcconfig"; sourceTree = "<group>"; };
/* End PBXFileReference section */

/* Begin PBXFrameworksBuildPhase section */
		5A7B9A66249CC39A007D8199 /* Frameworks */ = {
			isa = PBXFrameworksBuildPhase;
			buildActionMask = 2147483647;
			files = (
				4C4052293D205555A87BB507 /* Pods_ResumeApp.framework in Frameworks */,
			);
			runOnlyForDeploymentPostprocessing = 0;
		};
		5A7B9A7C249CC39C007D8199 /* Frameworks */ = {
			isa = PBXFrameworksBuildPhase;
			buildActionMask = 2147483647;
			files = (
				9E52ED2A73A2782F6C60FD85 /* Pods_ResumeAppTests.framework in Frameworks */,
			);
			runOnlyForDeploymentPostprocessing = 0;
		};
/* End PBXFrameworksBuildPhase section */

/* Begin PBXGroup section */
		1CFE633296D1516ABD1C3A65 /* Frameworks */ = {
			isa = PBXGroup;
			children = (
				2F029934BB1B6E51E85B5019 /* Pods_ResumeApp.framework */,
				32B68214AD81EB5919DB1F71 /* Pods_ResumeAppTests.framework */,
			);
			name = Frameworks;
			sourceTree = "<group>";
		};
		2625268A24A3C83400E301F9 /* Models */ = {
			isa = PBXGroup;
			children = (
			);
			path = Models;
			sourceTree = "<group>";
		};
		2625268F24A3CD9F00E301F9 /* ViewModels */ = {
			isa = PBXGroup;
			children = (
				262960B724A4BB670009FD29 /* SectionViewModel.swift */,
				2685250624AA493B000AEDDA /* CellViewModel */,
				262E825924A92FA200B8373F /* ImageViewModel.swift */,
				2625269224A3CDD200E301F9 /* Scenes */,
			);
			path = ViewModels;
			sourceTree = "<group>";
		};
		2625269224A3CDD200E301F9 /* Scenes */ = {
			isa = PBXGroup;
			children = (
				2625269024A3CDBF00E301F9 /* GeneralViewModel.swift */,
				262960A924A3FE360009FD29 /* SkillsViewModel.swift */,
				26279BC124A78B90000CA5D2 /* ExperienceViewModel.swift */,
				2636AB4924AA0ACD004B866D /* CompanyExperienceDetailViewModel.swift */,
				268524FA24AA413C000AEDDA /* EducationViewModel.swift */,
			);
			path = Scenes;
			sourceTree = "<group>";
		};
		262960A324A3FAB90009FD29 /* Skills */ = {
			isa = PBXGroup;
			children = (
				262960AB24A3FE880009FD29 /* SkillsContract.swift */,
				2685251924AA76ED000AEDDA /* SkillsConfigurator.swift */,
				262960A724A3FD7A0009FD29 /* SkillsViewController.swift */,
				262960B524A4AD510009FD29 /* SkillsPresenter.swift */,
			);
			path = Skills;
			sourceTree = "<group>";
		};
		262960A424A3FAD90009FD29 /* Skills */ = {
			isa = PBXGroup;
			children = (
				262960A524A3FC850009FD29 /* SkillsViewControllerTests.swift */,
				262960B324A4ACDB0009FD29 /* SkillsPresenterTests.swift */,
			);
			path = Skills;
			sourceTree = "<group>";
		};
		262960BA24A4BC420009FD29 /* Equatable */ = {
			isa = PBXGroup;
			children = (
				262960BF24A4BCF00009FD29 /* CellViewModel+Equatable.swift */,
				262E826724A94F6800B8373F /* CompanyExperience+Equatable.swift */,
				2636AB5124AA1207004B866D /* CompanyExperienceDetailViewModel+Equatable.swift */,
				262E826924A9501600B8373F /* CompanyExperienceDetails+Equatable.swift */,
				26D31AF324AA80A5001D46FC /* EducationRecord+Equatable.swift */,
				2685250224AA4553000AEDDA /* EducationViewModel+Equatable.swift */,
				26279BCF24A7A4C9000CA5D2 /* ExperienceViewModel+Equatable.swift */,
				5A15B7D3249E2E2300DB62F5 /* GeneralViewModel+Equatable.swift */,
				262E825F24A931AE00B8373F /* ImageType+Equatable.swift */,
				262E825D24A9303F00B8373F /* ImageViewModel+Equatable.swift */,
				262960BD24A4BC9F0009FD29 /* PersonViewModel+Equatable.swift */,
				5A15B7E3249FF3DE00DB62F5 /* Resume+Equatable.swift */,
				262960C124A4BD140009FD29 /* SectionViewModel+Equatable.swift */,
				262E826124A931D100B8373F /* Size+Equatable.swift */,
				26D31AF124AA8086001D46FC /* SkillsGroup+Equatable.swift */,
				262960BB24A4BC610009FD29 /* SkillsViewModel+Equatable.swift */,
			);
			path = Equatable;
			sourceTree = "<group>";
		};
		2636AB3F24AA03A2004B866D /* CompanyExperienceDetail */ = {
			isa = PBXGroup;
			children = (
				2636AB4724AA0982004B866D /* CompanyExperienceDetailContract.swift */,
				2636AB4024AA03D7004B866D /* CompanyExperienceDetailViewController.swift */,
				2636AB4F24AA10FE004B866D /* CompanyExperienceDetailPresenter.swift */,
			);
			path = CompanyExperienceDetail;
			sourceTree = "<group>";
		};
		2636AB4224AA047D004B866D /* CompanyExperienceDetail */ = {
			isa = PBXGroup;
			children = (
				2636AB4324AA063A004B866D /* CompanyExperienceDetailViewControllerTests.swift */,
				2636AB4D24AA10B2004B866D /* CompanyExperienceDetailPresenterTests.swift */,
			);
			path = CompanyExperienceDetail;
			sourceTree = "<group>";
		};
		2636AB5524AA169A004B866D /* CompanyExperienceHeaderView */ = {
			isa = PBXGroup;
			children = (
				2636AB5624AA16E3004B866D /* CompanyExperienceHeaderViewing.swift */,
				2636AB4524AA0892004B866D /* CompanyExperienceHeaderView.swift */,
				2636AB5324AA168F004B866D /* CompanyExperienceHeaderViewModel.swift */,
			);
			path = CompanyExperienceHeaderView;
			sourceTree = "<group>";
		};
		26742AD324A3ACF8001D9444 /* CellViewModelUpdating */ = {
			isa = PBXGroup;
			children = (
				26742AD424A3AD24001D9444 /* CellViewModelUpdating.swift */,
				26742AD624A3AD93001D9444 /* UITableViewCell+CellViewModelUpdating.swift */,
			);
			path = CellViewModelUpdating;
			sourceTree = "<group>";
		};
		26742AD824A3C275001D9444 /* Views */ = {
			isa = PBXGroup;
			children = (
				26742AD924A3C289001D9444 /* PersonViewTests.swift */,
			);
			path = Views;
			sourceTree = "<group>";
		};
		268524F424AA4041000AEDDA /* Education */ = {
			isa = PBXGroup;
			children = (
				268524F524AA407D000AEDDA /* EducationViewControllerTests.swift */,
				268524FE24AA43C4000AEDDA /* EducationPresenterTests.swift */,
			);
			path = Education;
			sourceTree = "<group>";
		};
		268524F724AA40E8000AEDDA /* Education */ = {
			isa = PBXGroup;
			children = (
				268524FC24AA4198000AEDDA /* EducationContract.swift */,
				2685251524AA76C0000AEDDA /* EducationConfigurator.swift */,
				268524F824AA40FA000AEDDA /* EducationViewController.swift */,
				2685250024AA4401000AEDDA /* EducationPresenter.swift */,
			);
			path = Education;
			sourceTree = "<group>";
		};
		2685250624AA493B000AEDDA /* CellViewModel */ = {
			isa = PBXGroup;
			children = (
				2625269424A3CDF600E301F9 /* CellViewModel.swift */,
				2685250724AA4953000AEDDA /* CellViewModel+InitEducationRecord.swift */,
			);
			path = CellViewModel;
			sourceTree = "<group>";
		};
		2685250B24AA6DE6000AEDDA /* PersonView */ = {
			isa = PBXGroup;
			children = (
				26742ACF24A3A6BD001D9444 /* PersonViewing.swift */,
				5A6E87FD24A0EC8D00DD8789 /* PersonView.swift */,
				2625268D24A3CD7500E301F9 /* PersonViewViewModel.swift */,
			);
			path = PersonView;
			sourceTree = "<group>";
		};
		2685250C24AA6DFF000AEDDA /* TableViewHeaderViewing */ = {
			isa = PBXGroup;
			children = (
				2685250D24AA6E13000AEDDA /* TableViewHeaderViewing.swift */,
				262960C524A4D0900009FD29 /* TableViewHeaderView.swift */,
			);
			path = TableViewHeaderViewing;
			sourceTree = "<group>";
		};
		2685252524AA79A8000AEDDA /* Other */ = {
			isa = PBXGroup;
			children = (
				2685251F24AA7860000AEDDA /* MailHandlingErrorTests.swift */,
				2685252324AA7989000AEDDA /* PhoneNumberHandlingErrorTests.swift */,
				2685252124AA796C000AEDDA /* UrlBrowserHandlingErrorTests.swift */,
			);
			path = Other;
			sourceTree = "<group>";
		};
		26A8B8D724A61BCC006DF5A1 /* GeneralCellViewModelsProviding */ = {
			isa = PBXGroup;
			children = (
				26A8B8D824A61BD5006DF5A1 /* GeneralCellViewModelsProviding.swift */,
				26A8B8DA24A61C03006DF5A1 /* GeneralCellViewModelsProvider.swift */,
			);
			path = GeneralCellViewModelsProviding;
			sourceTree = "<group>";
		};
		26A8B8DC24A61C1E006DF5A1 /* GeneralCellTypesProviding */ = {
			isa = PBXGroup;
			children = (
				26A8B8DD24A61C29006DF5A1 /* GeneralCellTypesProviding.swift */,
				26A8B8D324A617D1006DF5A1 /* GeneralCellTypesProvider.swift */,
			);
			path = GeneralCellTypesProviding;
			sourceTree = "<group>";
		};
		26A8B8E524A64179006DF5A1 /* PhoneNumberHandling */ = {
			isa = PBXGroup;
			children = (
				26A8B8E624A64194006DF5A1 /* PhoneNumberHandling.swift */,
				26A8B8E824A641AF006DF5A1 /* PhoneNumberHandler.swift */,
				26A8B8EA24A641CA006DF5A1 /* PhoneNumberHandlingError.swift */,
			);
			path = PhoneNumberHandling;
			sourceTree = "<group>";
		};
		26A8B8EC24A64585006DF5A1 /* UrlBrowserHandling */ = {
			isa = PBXGroup;
			children = (
				26A8B8EF24A645F4006DF5A1 /* UrlBrowserHandling.swift */,
				26A8B8F124A64605006DF5A1 /* UrlBrowserHandler.swift */,
				26A8B8ED24A645DC006DF5A1 /* UrlBrowserHandlingError.swift */,
			);
			path = UrlBrowserHandling;
			sourceTree = "<group>";
		};
		26A8B8FD24A66404006DF5A1 /* MailHandling */ = {
			isa = PBXGroup;
			children = (
				26A8B8FE24A66417006DF5A1 /* MailHandling.swift */,
				26A8B90224A66454006DF5A1 /* MailHandler.swift */,
				26A8B90024A66440006DF5A1 /* MailHandlingError.swift */,
			);
			path = MailHandling;
			sourceTree = "<group>";
		};
		26A8B90824A6AE86006DF5A1 /* Experience */ = {
			isa = PBXGroup;
			children = (
				26279BC324A78C32000CA5D2 /* ExperienceContract.swift */,
				2685251724AA76D6000AEDDA /* ExperienceConfigurator.swift */,
				26A8B90C24A6AF30006DF5A1 /* ExperienceViewController.swift */,
				26279BCB24A7A29E000CA5D2 /* ExperiencePresenter.swift */,
				262E826F24A956E400B8373F /* Router.swift */,
			);
			path = Experience;
			sourceTree = "<group>";
		};
		26A8B90924A6AECD006DF5A1 /* Experience */ = {
			isa = PBXGroup;
			children = (
				26A8B90A24A6AEE1006DF5A1 /* ExperienceViewControllerTests.swift */,
				26279BC924A7A1C0000CA5D2 /* ExperiencePresenterTests.swift */,
				262E826D24A956A900B8373F /* RouterTests.swift */,
			);
			path = Experience;
			sourceTree = "<group>";
		};
		26D31AF724AA85AE001D46FC /* WeakRef */ = {
			isa = PBXGroup;
			children = (
				26D31AEF24AA7AD7001D46FC /* WeakRef.swift */,
				26D31AF824AA85C8001D46FC /* WeakRef+GeneralPresenting.swift */,
			);
			path = WeakRef;
			sourceTree = "<group>";
		};
		5A15B7CA249E2DB400DB62F5 /* Test dummies */ = {
			isa = PBXGroup;
			children = (
				2636AB4B24AA1087004B866D /* MockCompanyExperienceDetailPresenter.swift */,
				262E826524A94C4800B8373F /* MockExperiencePresenter.swift */,
				26279BCD24A7A43A000CA5D2 /* MockExperienceView.swift */,
				26A8B8F524A65B47006DF5A1 /* MockGeneralCellTypesProvider.swift */,
				262960B124A4AAE10009FD29 /* MockGeneralPresenter.swift */,
				26A8B8F324A65B13006DF5A1 /* MockGeneralView.swift */,
				5A15B7CB249E2DD000DB62F5 /* MockGeneralViewController.swift */,
				26A8B8F724A65BA4006DF5A1 /* MockPhoneNumberHandler.swift */,
				5A15B7DA249FF00C00DB62F5 /* MockResumeService.swift */,
				5A15B7CD249E2DEC00DB62F5 /* MockResumeTabBarPresenter.swift */,
				262E826B24A9515C00B8373F /* MockRouter.swift */,
				26A8B8DF24A6226A006DF5A1 /* MockResumeSetter.swift */,
				262960AF24A4AAB70009FD29 /* MockSkillsPresenter.swift */,
				26A8B8F924A65BD4006DF5A1 /* MockUrlBrowserHandler.swift */,
			);
			path = "Test dummies";
			sourceTree = "<group>";
		};
		5A15B7CF249E2E0000DB62F5 /* Helpers */ = {
			isa = PBXGroup;
			children = (
				26279BC524A79D10000CA5D2 /* Delay.swift */,
				5A15B7D0249E2E0900DB62F5 /* TabBarItemProperties.swift */,
				5A15B7D2249E2E1500DB62F5 /* Extensions */,
			);
			path = Helpers;
			sourceTree = "<group>";
		};
		5A15B7D2249E2E1500DB62F5 /* Extensions */ = {
			isa = PBXGroup;
			children = (
				262960BA24A4BC420009FD29 /* Equatable */,
				262960AD24A410430009FD29 /* UITableView+CellAtRow.swift */,
				262960C924A5093F0009FD29 /* UITableViewCell+CellStyle.swift */,
				262960CB24A5097C0009FD29 /* UITableViewCell+SelectionStyle.swift */,
			);
			path = Extensions;
			sourceTree = "<group>";
		};
		5A15B7D7249FEFEA00DB62F5 /* Services */ = {
			isa = PBXGroup;
			children = (
				5A15B7D8249FEFF400DB62F5 /* ResumeServicing.swift */,
				5A15B7DC249FF2B300DB62F5 /* ResumeServiceDelegate.swift */,
				26742AD124A3A73D001D9444 /* FakeResumeService.swift */,
				26A8B90424A6812A006DF5A1 /* ResumeService.swift */,
			);
			path = Services;
			sourceTree = "<group>";
		};
		5A15B7DE249FF2D500DB62F5 /* Models */ = {
			isa = PBXGroup;
			children = (
				5A15B7DF249FF2E000DB62F5 /* Resume.swift */,
				262960C324A4BD7B0009FD29 /* SkillsGroup.swift */,
				26279BC724A7A0C3000CA5D2 /* CompanyExperience.swift */,
				262E826324A9480A00B8373F /* CompanyExperienceDetails.swift */,
				2685250424AA4646000AEDDA /* EducationRecord.swift */,
			);
			path = Models;
			sourceTree = "<group>";
		};
		5A15B7E9249FFD3200DB62F5 /* Scenes */ = {
			isa = PBXGroup;
			children = (
				5A15B7EA249FFD3C00DB62F5 /* ResumeTabBar */,
				5A15B7EB249FFD4500DB62F5 /* General */,
				262960A424A3FAD90009FD29 /* Skills */,
				26A8B90924A6AECD006DF5A1 /* Experience */,
				2636AB4224AA047D004B866D /* CompanyExperienceDetail */,
				268524F424AA4041000AEDDA /* Education */,
			);
			path = Scenes;
			sourceTree = "<group>";
		};
		5A15B7EA249FFD3C00DB62F5 /* ResumeTabBar */ = {
			isa = PBXGroup;
			children = (
				5A7B9A8E249CC9F4007D8199 /* ResumeTabBarControllerTests.swift */,
				5A15B7D5249FEDBD00DB62F5 /* ResumeTabBarPresenterTests.swift */,
			);
			path = ResumeTabBar;
			sourceTree = "<group>";
		};
		5A15B7EB249FFD4500DB62F5 /* General */ = {
			isa = PBXGroup;
			children = (
				26D31AFA24AA866E001D46FC /* GeneralConfiguratorTests.swift */,
				5A15B7EC249FFD5D00DB62F5 /* GeneralViewControllerTests.swift */,
				26742ACD24A39B99001D9444 /* GeneralPresenterTests.swift */,
			);
			path = General;
			sourceTree = "<group>";
		};
		5A6E87F424A0EBD900DD8789 /* Other */ = {
			isa = PBXGroup;
			children = (
				26D31AF724AA85AE001D46FC /* WeakRef */,
				26A8B8E524A64179006DF5A1 /* PhoneNumberHandling */,
				26A8B8EC24A64585006DF5A1 /* UrlBrowserHandling */,
				26A8B8FD24A66404006DF5A1 /* MailHandling */,
				2685251B24AA7707000AEDDA /* Configurating.swift */,
				5A6E87F524A0EBFF00DD8789 /* ThreadGuarantee.swift */,
				26A8B90E24A6B643006DF5A1 /* TealNavigationController.swift */,
				5A6E87FA24A0EC6E00DD8789 /* Margins.swift */,
				2685250F24AA6ED0000AEDDA /* Size.swift */,
				2685251124AA6EDD000AEDDA /* ImageType.swift */,
				5A6E87F724A0EC2D00DD8789 /* Extensions */,
			);
			path = Other;
			sourceTree = "<group>";
		};
		5A6E87F724A0EC2D00DD8789 /* Extensions */ = {
			isa = PBXGroup;
			children = (
				262E825B24A92FF000B8373F /* CGSize+InitSize.swift */,
				2625268B24A3CAF900E301F9 /* NSLayoutConstraint+AnchorConstraints.swift */,
				262960A124A3D16F0009FD29 /* UIImage+Resize.swift */,
				2685250924AA6C8E000AEDDA /* UIImageView+SetImageViewModel.swift */,
				2640ADF724A8CEA600F7134E /* UIImage+InitColorSize.swift */,
				262960C724A4D2530009FD29 /* UITableView+RemoveTrailingSeparators.swift */,
				26A8B90624A6A97A006DF5A1 /* UIView+AddSubviews.swift */,
			);
			path = Extensions;
			sourceTree = "<group>";
		};
		5A6E87FC24A0EC8200DD8789 /* Views */ = {
			isa = PBXGroup;
			children = (
				2685250B24AA6DE6000AEDDA /* PersonView */,
				2636AB5524AA169A004B866D /* CompanyExperienceHeaderView */,
				2685250C24AA6DFF000AEDDA /* TableViewHeaderViewing */,
				26742AD324A3ACF8001D9444 /* CellViewModelUpdating */,
			);
			path = Views;
			sourceTree = "<group>";
		};
		5A7B9A60249CC39A007D8199 = {
			isa = PBXGroup;
			children = (
				5A7B9A6B249CC39A007D8199 /* ResumeApp */,
				5A7B9A82249CC39C007D8199 /* ResumeAppTests */,
				5A7B9A6A249CC39A007D8199 /* Products */,
				D5B782BFCAA5D85767D17BE2 /* Pods */,
				1CFE633296D1516ABD1C3A65 /* Frameworks */,
			);
			sourceTree = "<group>";
		};
		5A7B9A6A249CC39A007D8199 /* Products */ = {
			isa = PBXGroup;
			children = (
				5A7B9A69249CC39A007D8199 /* ResumeApp.app */,
				5A7B9A7F249CC39C007D8199 /* ResumeAppTests.xctest */,
			);
			name = Products;
			sourceTree = "<group>";
		};
		5A7B9A6B249CC39A007D8199 /* ResumeApp */ = {
			isa = PBXGroup;
			children = (
				5A15B7DE249FF2D500DB62F5 /* Models */,
				5A15B7D7249FEFEA00DB62F5 /* Services */,
				2625268F24A3CD9F00E301F9 /* ViewModels */,
				5A6E87FC24A0EC8200DD8789 /* Views */,
				5A7B9A90249CCA0A007D8199 /* Scenes */,
				5A6E87F424A0EBD900DD8789 /* Other */,
				5A7B9A6C249CC39A007D8199 /* AppDelegate.swift */,
				5A7B9A6E249CC39A007D8199 /* SceneDelegate.swift */,
				5A7B9A75249CC39C007D8199 /* Assets.xcassets */,
				5A7B9A77249CC39C007D8199 /* LaunchScreen.storyboard */,
				5A7B9A7A249CC39C007D8199 /* Info.plist */,
			);
			path = ResumeApp;
			sourceTree = "<group>";
		};
		5A7B9A82249CC39C007D8199 /* ResumeAppTests */ = {
			isa = PBXGroup;
			children = (
				2625268A24A3C83400E301F9 /* Models */,
				26742AD824A3C275001D9444 /* Views */,
				5A15B7E9249FFD3200DB62F5 /* Scenes */,
				2685252524AA79A8000AEDDA /* Other */,
				5A15B7CF249E2E0000DB62F5 /* Helpers */,
				5A15B7CA249E2DB400DB62F5 /* Test dummies */,
				5A7B9A85249CC39D007D8199 /* Info.plist */,
			);
			path = ResumeAppTests;
			sourceTree = "<group>";
		};
		5A7B9A90249CCA0A007D8199 /* Scenes */ = {
			isa = PBXGroup;
			children = (
				5A7B9A97249CF490007D8199 /* ResumeTabBar */,
				5A7B9A93249CF11E007D8199 /* General */,
				262960A324A3FAB90009FD29 /* Skills */,
				26A8B90824A6AE86006DF5A1 /* Experience */,
				2636AB3F24AA03A2004B866D /* CompanyExperienceDetail */,
				268524F724AA40E8000AEDDA /* Education */,
			);
			path = Scenes;
			sourceTree = "<group>";
		};
		5A7B9A93249CF11E007D8199 /* General */ = {
			isa = PBXGroup;
			children = (
				5A15B7E1249FF39A00DB62F5 /* GeneralContract.swift */,
				2685251324AA72B1000AEDDA /* GeneralConfigurator.swift */,
				5A7B9A94249CF147007D8199 /* GeneralViewController.swift */,
				26742ACB24A39B3A001D9444 /* GeneralPresenter.swift */,
				26A8B8D524A61A4F006DF5A1 /* GeneralCellType.swift */,
				26A8B8DC24A61C1E006DF5A1 /* GeneralCellTypesProviding */,
				26A8B8D724A61BCC006DF5A1 /* GeneralCellViewModelsProviding */,
			);
			path = General;
			sourceTree = "<group>";
		};
		5A7B9A97249CF490007D8199 /* ResumeTabBar */ = {
			isa = PBXGroup;
			children = (
				5A648F63249D060100F7222F /* ResumeTabBarContract.swift */,
				5A7B9A91249CCA18007D8199 /* ResumeTabBarController.swift */,
				5A7B9A98249CF4AB007D8199 /* ResumeTabBarPresenter.swift */,
				26A8B8E324A622FC006DF5A1 /* ResumeSetting.swift */,
			);
			path = ResumeTabBar;
			sourceTree = "<group>";
		};
		D5B782BFCAA5D85767D17BE2 /* Pods */ = {
			isa = PBXGroup;
			children = (
				2E227BA0C0214DEDAD5BB6CF /* Pods-ResumeApp.debug.xcconfig */,
				751A4C31B4F840C32B492FDF /* Pods-ResumeApp.release.xcconfig */,
				38B09279F4BDA4250C1AB77B /* Pods-ResumeAppTests.debug.xcconfig */,
				B16A3A00A36E2436DE3D84FE /* Pods-ResumeAppTests.release.xcconfig */,
			);
			path = Pods;
			sourceTree = "<group>";
		};
/* End PBXGroup section */

/* Begin PBXNativeTarget section */
		5A7B9A68249CC39A007D8199 /* ResumeApp */ = {
			isa = PBXNativeTarget;
			buildConfigurationList = 5A7B9A88249CC39D007D8199 /* Build configuration list for PBXNativeTarget "ResumeApp" */;
			buildPhases = (
				3791846EC1B7CF79CD6D830B /* [CP] Check Pods Manifest.lock */,
				5A7B9A65249CC39A007D8199 /* Sources */,
				5A7B9A66249CC39A007D8199 /* Frameworks */,
				5A7B9A67249CC39A007D8199 /* Resources */,
				E7B8DC27C49136BC9F070917 /* [CP] Embed Pods Frameworks */,
			);
			buildRules = (
			);
			dependencies = (
			);
			name = ResumeApp;
			productName = Mediaflex_CV_App;
			productReference = 5A7B9A69249CC39A007D8199 /* ResumeApp.app */;
			productType = "com.apple.product-type.application";
		};
		5A7B9A7E249CC39C007D8199 /* ResumeAppTests */ = {
			isa = PBXNativeTarget;
			buildConfigurationList = 5A7B9A8B249CC39D007D8199 /* Build configuration list for PBXNativeTarget "ResumeAppTests" */;
			buildPhases = (
				1E89350E746E79F794CE1E86 /* [CP] Check Pods Manifest.lock */,
				5A7B9A7B249CC39C007D8199 /* Sources */,
				5A7B9A7C249CC39C007D8199 /* Frameworks */,
				5A7B9A7D249CC39C007D8199 /* Resources */,
			);
			buildRules = (
			);
			dependencies = (
				5A7B9A81249CC39C007D8199 /* PBXTargetDependency */,
			);
			name = ResumeAppTests;
			productName = Mediaflex_CV_AppTests;
			productReference = 5A7B9A7F249CC39C007D8199 /* ResumeAppTests.xctest */;
			productType = "com.apple.product-type.bundle.unit-test";
		};
/* End PBXNativeTarget section */

/* Begin PBXProject section */
		5A7B9A61249CC39A007D8199 /* Project object */ = {
			isa = PBXProject;
			attributes = {
				LastSwiftUpdateCheck = 1140;
				LastUpgradeCheck = 1140;
				ORGANIZATIONNAME = "Łukasz Bazior";
				TargetAttributes = {
					5A7B9A68249CC39A007D8199 = {
						CreatedOnToolsVersion = 11.4;
					};
					5A7B9A7E249CC39C007D8199 = {
						CreatedOnToolsVersion = 11.4;
						TestTargetID = 5A7B9A68249CC39A007D8199;
					};
				};
			};
			buildConfigurationList = 5A7B9A64249CC39A007D8199 /* Build configuration list for PBXProject "ResumeApp" */;
			compatibilityVersion = "Xcode 9.3";
			developmentRegion = en;
			hasScannedForEncodings = 0;
			knownRegions = (
				en,
				Base,
			);
			mainGroup = 5A7B9A60249CC39A007D8199;
			productRefGroup = 5A7B9A6A249CC39A007D8199 /* Products */;
			projectDirPath = "";
			projectRoot = "";
			targets = (
				5A7B9A68249CC39A007D8199 /* ResumeApp */,
				5A7B9A7E249CC39C007D8199 /* ResumeAppTests */,
			);
		};
/* End PBXProject section */

/* Begin PBXResourcesBuildPhase section */
		5A7B9A67249CC39A007D8199 /* Resources */ = {
			isa = PBXResourcesBuildPhase;
			buildActionMask = 2147483647;
			files = (
				5A7B9A79249CC39C007D8199 /* LaunchScreen.storyboard in Resources */,
				5A7B9A76249CC39C007D8199 /* Assets.xcassets in Resources */,
			);
			runOnlyForDeploymentPostprocessing = 0;
		};
		5A7B9A7D249CC39C007D8199 /* Resources */ = {
			isa = PBXResourcesBuildPhase;
			buildActionMask = 2147483647;
			files = (
			);
			runOnlyForDeploymentPostprocessing = 0;
		};
/* End PBXResourcesBuildPhase section */

/* Begin PBXShellScriptBuildPhase section */
		1E89350E746E79F794CE1E86 /* [CP] Check Pods Manifest.lock */ = {
			isa = PBXShellScriptBuildPhase;
			buildActionMask = 2147483647;
			files = (
			);
			inputFileListPaths = (
			);
			inputPaths = (
				"${PODS_PODFILE_DIR_PATH}/Podfile.lock",
				"${PODS_ROOT}/Manifest.lock",
			);
			name = "[CP] Check Pods Manifest.lock";
			outputFileListPaths = (
			);
			outputPaths = (
				"$(DERIVED_FILE_DIR)/Pods-ResumeAppTests-checkManifestLockResult.txt",
			);
			runOnlyForDeploymentPostprocessing = 0;
			shellPath = /bin/sh;
			shellScript = "diff \"${PODS_PODFILE_DIR_PATH}/Podfile.lock\" \"${PODS_ROOT}/Manifest.lock\" > /dev/null\nif [ $? != 0 ] ; then\n    # print error to STDERR\n    echo \"error: The sandbox is not in sync with the Podfile.lock. Run 'pod install' or update your CocoaPods installation.\" >&2\n    exit 1\nfi\n# This output is used by Xcode 'outputs' to avoid re-running this script phase.\necho \"SUCCESS\" > \"${SCRIPT_OUTPUT_FILE_0}\"\n";
			showEnvVarsInLog = 0;
		};
		3791846EC1B7CF79CD6D830B /* [CP] Check Pods Manifest.lock */ = {
			isa = PBXShellScriptBuildPhase;
			buildActionMask = 2147483647;
			files = (
			);
			inputFileListPaths = (
			);
			inputPaths = (
				"${PODS_PODFILE_DIR_PATH}/Podfile.lock",
				"${PODS_ROOT}/Manifest.lock",
			);
			name = "[CP] Check Pods Manifest.lock";
			outputFileListPaths = (
			);
			outputPaths = (
				"$(DERIVED_FILE_DIR)/Pods-ResumeApp-checkManifestLockResult.txt",
			);
			runOnlyForDeploymentPostprocessing = 0;
			shellPath = /bin/sh;
			shellScript = "diff \"${PODS_PODFILE_DIR_PATH}/Podfile.lock\" \"${PODS_ROOT}/Manifest.lock\" > /dev/null\nif [ $? != 0 ] ; then\n    # print error to STDERR\n    echo \"error: The sandbox is not in sync with the Podfile.lock. Run 'pod install' or update your CocoaPods installation.\" >&2\n    exit 1\nfi\n# This output is used by Xcode 'outputs' to avoid re-running this script phase.\necho \"SUCCESS\" > \"${SCRIPT_OUTPUT_FILE_0}\"\n";
			showEnvVarsInLog = 0;
		};
		E7B8DC27C49136BC9F070917 /* [CP] Embed Pods Frameworks */ = {
			isa = PBXShellScriptBuildPhase;
			buildActionMask = 2147483647;
			files = (
			);
			inputFileListPaths = (
				"${PODS_ROOT}/Target Support Files/Pods-ResumeApp/Pods-ResumeApp-frameworks-${CONFIGURATION}-input-files.xcfilelist",
			);
			name = "[CP] Embed Pods Frameworks";
			outputFileListPaths = (
				"${PODS_ROOT}/Target Support Files/Pods-ResumeApp/Pods-ResumeApp-frameworks-${CONFIGURATION}-output-files.xcfilelist",
			);
			runOnlyForDeploymentPostprocessing = 0;
			shellPath = /bin/sh;
			shellScript = "\"${PODS_ROOT}/Target Support Files/Pods-ResumeApp/Pods-ResumeApp-frameworks.sh\"\n";
			showEnvVarsInLog = 0;
		};
/* End PBXShellScriptBuildPhase section */

/* Begin PBXSourcesBuildPhase section */
		5A7B9A65249CC39A007D8199 /* Sources */ = {
			isa = PBXSourcesBuildPhase;
			buildActionMask = 2147483647;
			files = (
				5A6E87FE24A0EC8D00DD8789 /* PersonView.swift in Sources */,
				2625268E24A3CD7500E301F9 /* PersonViewViewModel.swift in Sources */,
				5A648F64249D060100F7222F /* ResumeTabBarContract.swift in Sources */,
				2685251624AA76C1000AEDDA /* EducationConfigurator.swift in Sources */,
				26A8B8DE24A61C29006DF5A1 /* GeneralCellTypesProviding.swift in Sources */,
				26A8B8E424A622FC006DF5A1 /* ResumeSetting.swift in Sources */,
				26A8B8EE24A645DD006DF5A1 /* UrlBrowserHandlingError.swift in Sources */,
				26A8B8FF24A66417006DF5A1 /* MailHandling.swift in Sources */,
				26742AD024A3A6BD001D9444 /* PersonViewing.swift in Sources */,
				262960B824A4BB670009FD29 /* SectionViewModel.swift in Sources */,
				26279BCC24A7A29E000CA5D2 /* ExperiencePresenter.swift in Sources */,
				26A8B8D924A61BD5006DF5A1 /* GeneralCellViewModelsProviding.swift in Sources */,
				262960A224A3D16F0009FD29 /* UIImage+Resize.swift in Sources */,
				5A7B9A6D249CC39A007D8199 /* AppDelegate.swift in Sources */,
				268524FB24AA413C000AEDDA /* EducationViewModel.swift in Sources */,
				5A15B7D9249FEFF400DB62F5 /* ResumeServicing.swift in Sources */,
				26A8B8DB24A61C03006DF5A1 /* GeneralCellViewModelsProvider.swift in Sources */,
				262960C424A4BD7B0009FD29 /* SkillsGroup.swift in Sources */,
				2636AB4624AA0892004B866D /* CompanyExperienceHeaderView.swift in Sources */,
				26A8B90524A6812A006DF5A1 /* ResumeService.swift in Sources */,
				5A6E87F624A0EBFF00DD8789 /* ThreadGuarantee.swift in Sources */,
				2636AB4124AA03D7004B866D /* CompanyExperienceDetailViewController.swift in Sources */,
				26742ACC24A39B3A001D9444 /* GeneralPresenter.swift in Sources */,
				262960B624A4AD510009FD29 /* SkillsPresenter.swift in Sources */,
				2636AB5024AA10FE004B866D /* CompanyExperienceDetailPresenter.swift in Sources */,
				262E825C24A92FF000B8373F /* CGSize+InitSize.swift in Sources */,
				262E826424A9480A00B8373F /* CompanyExperienceDetails.swift in Sources */,
				262960C624A4D0900009FD29 /* TableViewHeaderView.swift in Sources */,
				26742AD524A3AD24001D9444 /* CellViewModelUpdating.swift in Sources */,
				2636AB4824AA0982004B866D /* CompanyExperienceDetailContract.swift in Sources */,
				26A8B90D24A6AF30006DF5A1 /* ExperienceViewController.swift in Sources */,
				5A7B9A95249CF147007D8199 /* GeneralViewController.swift in Sources */,
				26A8B8E924A641AF006DF5A1 /* PhoneNumberHandler.swift in Sources */,
				5A6E87FB24A0EC6E00DD8789 /* Margins.swift in Sources */,
				26A8B8D424A617D1006DF5A1 /* GeneralCellTypesProvider.swift in Sources */,
				26A8B8EB24A641CA006DF5A1 /* PhoneNumberHandlingError.swift in Sources */,
				262960A824A3FD7A0009FD29 /* SkillsViewController.swift in Sources */,
				26A8B90F24A6B643006DF5A1 /* TealNavigationController.swift in Sources */,
				262960AA24A3FE360009FD29 /* SkillsViewModel.swift in Sources */,
				2685251824AA76D6000AEDDA /* ExperienceConfigurator.swift in Sources */,
				5A7B9A92249CCA18007D8199 /* ResumeTabBarController.swift in Sources */,
				2685251424AA72B1000AEDDA /* GeneralConfigurator.swift in Sources */,
				2636AB5724AA16E3004B866D /* CompanyExperienceHeaderViewing.swift in Sources */,
				2625269124A3CDBF00E301F9 /* GeneralViewModel.swift in Sources */,
				2685250824AA4953000AEDDA /* CellViewModel+InitEducationRecord.swift in Sources */,
				262960AC24A3FE880009FD29 /* SkillsContract.swift in Sources */,
				5A15B7E0249FF2E000DB62F5 /* Resume.swift in Sources */,
				262E825A24A92FA200B8373F /* ImageViewModel.swift in Sources */,
				2636AB5424AA168F004B866D /* CompanyExperienceHeaderViewModel.swift in Sources */,
				2685251024AA6ED0000AEDDA /* Size.swift in Sources */,
				268524FD24AA4198000AEDDA /* EducationContract.swift in Sources */,
				5A15B7E2249FF39A00DB62F5 /* GeneralContract.swift in Sources */,
				2685250124AA4401000AEDDA /* EducationPresenter.swift in Sources */,
				26279BC224A78B90000CA5D2 /* ExperienceViewModel.swift in Sources */,
				5A7B9A6F249CC39A007D8199 /* SceneDelegate.swift in Sources */,
				2685250524AA4646000AEDDA /* EducationRecord.swift in Sources */,
				2685251A24AA76ED000AEDDA /* SkillsConfigurator.swift in Sources */,
				26A8B90324A66454006DF5A1 /* MailHandler.swift in Sources */,
				2640ADF824A8CEA600F7134E /* UIImage+InitColorSize.swift in Sources */,
				26A8B90724A6A97A006DF5A1 /* UIView+AddSubviews.swift in Sources */,
				26742AD224A3A73D001D9444 /* FakeResumeService.swift in Sources */,
				2685250E24AA6E13000AEDDA /* TableViewHeaderViewing.swift in Sources */,
				26A8B8E724A64194006DF5A1 /* PhoneNumberHandling.swift in Sources */,
				2685251C24AA7707000AEDDA /* Configurating.swift in Sources */,
				5A15B7DD249FF2B300DB62F5 /* ResumeServiceDelegate.swift in Sources */,
				26279BC424A78C32000CA5D2 /* ExperienceContract.swift in Sources */,
				2685250A24AA6C8E000AEDDA /* UIImageView+SetImageViewModel.swift in Sources */,
				26D31AF024AA7AD7001D46FC /* WeakRef.swift in Sources */,
				268524F924AA40FA000AEDDA /* EducationViewController.swift in Sources */,
				26A8B8D624A61A4F006DF5A1 /* GeneralCellType.swift in Sources */,
				26A8B90124A66440006DF5A1 /* MailHandlingError.swift in Sources */,
				2625268C24A3CAF900E301F9 /* NSLayoutConstraint+AnchorConstraints.swift in Sources */,
				262E827024A956E400B8373F /* Router.swift in Sources */,
				26D31AF924AA85C8001D46FC /* WeakRef+GeneralPresenting.swift in Sources */,
				2685251224AA6EDD000AEDDA /* ImageType.swift in Sources */,
				26742AD724A3AD93001D9444 /* UITableViewCell+CellViewModelUpdating.swift in Sources */,
				262960C824A4D2530009FD29 /* UITableView+RemoveTrailingSeparators.swift in Sources */,
				26A8B8F024A645F4006DF5A1 /* UrlBrowserHandling.swift in Sources */,
				2625269524A3CDF600E301F9 /* CellViewModel.swift in Sources */,
				5A7B9A99249CF4AB007D8199 /* ResumeTabBarPresenter.swift in Sources */,
				26A8B8F224A64605006DF5A1 /* UrlBrowserHandler.swift in Sources */,
				26279BC824A7A0C3000CA5D2 /* CompanyExperience.swift in Sources */,
				2636AB4A24AA0ACD004B866D /* CompanyExperienceDetailViewModel.swift in Sources */,
			);
			runOnlyForDeploymentPostprocessing = 0;
		};
		5A7B9A7B249CC39C007D8199 /* Sources */ = {
			isa = PBXSourcesBuildPhase;
			buildActionMask = 2147483647;
			files = (
				262E826E24A956A900B8373F /* RouterTests.swift in Sources */,
				26742ADA24A3C289001D9444 /* PersonViewTests.swift in Sources */,
				262960B424A4ACDB0009FD29 /* SkillsPresenterTests.swift in Sources */,
				26A8B8F424A65B13006DF5A1 /* MockGeneralView.swift in Sources */,
				2636AB4424AA063A004B866D /* CompanyExperienceDetailViewControllerTests.swift in Sources */,
				262960CA24A5093F0009FD29 /* UITableViewCell+CellStyle.swift in Sources */,
				26D31AFB24AA866E001D46FC /* GeneralConfiguratorTests.swift in Sources */,
				262960A624A3FC850009FD29 /* SkillsViewControllerTests.swift in Sources */,
				262E825E24A9303F00B8373F /* ImageViewModel+Equatable.swift in Sources */,
				26D31AF224AA8086001D46FC /* SkillsGroup+Equatable.swift in Sources */,
				26A8B8F824A65BA4006DF5A1 /* MockPhoneNumberHandler.swift in Sources */,
				26A8B8FA24A65BD4006DF5A1 /* MockUrlBrowserHandler.swift in Sources */,
				26742ACE24A39B99001D9444 /* GeneralPresenterTests.swift in Sources */,
				5A15B7E4249FF3DE00DB62F5 /* Resume+Equatable.swift in Sources */,
				262960AE24A410430009FD29 /* UITableView+CellAtRow.swift in Sources */,
				5A15B7D6249FEDBD00DB62F5 /* ResumeTabBarPresenterTests.swift in Sources */,
				26A8B8F624A65B47006DF5A1 /* MockGeneralCellTypesProvider.swift in Sources */,
				262E826A24A9501600B8373F /* CompanyExperienceDetails+Equatable.swift in Sources */,
				268524F624AA407D000AEDDA /* EducationViewControllerTests.swift in Sources */,
				262960B224A4AAE10009FD29 /* MockGeneralPresenter.swift in Sources */,
				5A15B7ED249FFD5D00DB62F5 /* GeneralViewControllerTests.swift in Sources */,
				26279BCE24A7A43A000CA5D2 /* MockExperienceView.swift in Sources */,
				262960C024A4BCF00009FD29 /* CellViewModel+Equatable.swift in Sources */,
				262E826824A94F6800B8373F /* CompanyExperience+Equatable.swift in Sources */,
				262960CC24A5097C0009FD29 /* UITableViewCell+SelectionStyle.swift in Sources */,
				26D31AF424AA80A5001D46FC /* EducationRecord+Equatable.swift in Sources */,
				26A8B90B24A6AEE1006DF5A1 /* ExperienceViewControllerTests.swift in Sources */,
				262960BC24A4BC610009FD29 /* SkillsViewModel+Equatable.swift in Sources */,
				2636AB5224AA1207004B866D /* CompanyExperienceDetailViewModel+Equatable.swift in Sources */,
				26A8B8FC24A661FA006DF5A1 /* ResumeTabBarControllerTests.swift in Sources */,
				262960B024A4AAB70009FD29 /* MockSkillsPresenter.swift in Sources */,
				262E826624A94C4800B8373F /* MockExperiencePresenter.swift in Sources */,
				262960BE24A4BC9F0009FD29 /* PersonViewModel+Equatable.swift in Sources */,
				2685250324AA4553000AEDDA /* EducationViewModel+Equatable.swift in Sources */,
				262960C224A4BD140009FD29 /* SectionViewModel+Equatable.swift in Sources */,
				268524FF24AA43C4000AEDDA /* EducationPresenterTests.swift in Sources */,
				2685252424AA7989000AEDDA /* PhoneNumberHandlingErrorTests.swift in Sources */,
				2685252224AA796C000AEDDA /* UrlBrowserHandlingErrorTests.swift in Sources */,
				5A15B7D1249E2E0900DB62F5 /* TabBarItemProperties.swift in Sources */,
				5A15B7D4249E2E2300DB62F5 /* GeneralViewModel+Equatable.swift in Sources */,
				26279BD024A7A4C9000CA5D2 /* ExperienceViewModel+Equatable.swift in Sources */,
				262E826C24A9515C00B8373F /* MockRouter.swift in Sources */,
				5A15B7DB249FF00C00DB62F5 /* MockResumeService.swift in Sources */,
				262E826024A931AE00B8373F /* ImageType+Equatable.swift in Sources */,
				2636AB4E24AA10B2004B866D /* CompanyExperienceDetailPresenterTests.swift in Sources */,
				5A15B7CE249E2DEC00DB62F5 /* MockResumeTabBarPresenter.swift in Sources */,
				26A8B8E024A6226A006DF5A1 /* MockResumeSetter.swift in Sources */,
				2636AB4C24AA1087004B866D /* MockCompanyExperienceDetailPresenter.swift in Sources */,
				5A15B7CC249E2DD000DB62F5 /* MockGeneralViewController.swift in Sources */,
				2685252024AA7860000AEDDA /* MailHandlingErrorTests.swift in Sources */,
				262E826224A931D100B8373F /* Size+Equatable.swift in Sources */,
				26279BCA24A7A1C0000CA5D2 /* ExperiencePresenterTests.swift in Sources */,
				26279BC624A79D10000CA5D2 /* Delay.swift in Sources */,
			);
			runOnlyForDeploymentPostprocessing = 0;
		};
/* End PBXSourcesBuildPhase section */

/* Begin PBXTargetDependency section */
		5A7B9A81249CC39C007D8199 /* PBXTargetDependency */ = {
			isa = PBXTargetDependency;
			target = 5A7B9A68249CC39A007D8199 /* ResumeApp */;
			targetProxy = 5A7B9A80249CC39C007D8199 /* PBXContainerItemProxy */;
		};
/* End PBXTargetDependency section */

/* Begin PBXVariantGroup section */
		5A7B9A77249CC39C007D8199 /* LaunchScreen.storyboard */ = {
			isa = PBXVariantGroup;
			children = (
				5A7B9A78249CC39C007D8199 /* Base */,
			);
			name = LaunchScreen.storyboard;
			sourceTree = "<group>";
		};
/* End PBXVariantGroup section */

/* Begin XCBuildConfiguration section */
		5A7B9A86249CC39D007D8199 /* Debug */ = {
			isa = XCBuildConfiguration;
			buildSettings = {
				ALWAYS_SEARCH_USER_PATHS = NO;
				CLANG_ANALYZER_NONNULL = YES;
				CLANG_ANALYZER_NUMBER_OBJECT_CONVERSION = YES_AGGRESSIVE;
				CLANG_CXX_LANGUAGE_STANDARD = "gnu++14";
				CLANG_CXX_LIBRARY = "libc++";
				CLANG_ENABLE_MODULES = YES;
				CLANG_ENABLE_OBJC_ARC = YES;
				CLANG_ENABLE_OBJC_WEAK = YES;
				CLANG_WARN_BLOCK_CAPTURE_AUTORELEASING = YES;
				CLANG_WARN_BOOL_CONVERSION = YES;
				CLANG_WARN_COMMA = YES;
				CLANG_WARN_CONSTANT_CONVERSION = YES;
				CLANG_WARN_DEPRECATED_OBJC_IMPLEMENTATIONS = YES;
				CLANG_WARN_DIRECT_OBJC_ISA_USAGE = YES_ERROR;
				CLANG_WARN_DOCUMENTATION_COMMENTS = YES;
				CLANG_WARN_EMPTY_BODY = YES;
				CLANG_WARN_ENUM_CONVERSION = YES;
				CLANG_WARN_INFINITE_RECURSION = YES;
				CLANG_WARN_INT_CONVERSION = YES;
				CLANG_WARN_NON_LITERAL_NULL_CONVERSION = YES;
				CLANG_WARN_OBJC_IMPLICIT_RETAIN_SELF = YES;
				CLANG_WARN_OBJC_LITERAL_CONVERSION = YES;
				CLANG_WARN_OBJC_ROOT_CLASS = YES_ERROR;
				CLANG_WARN_RANGE_LOOP_ANALYSIS = YES;
				CLANG_WARN_STRICT_PROTOTYPES = YES;
				CLANG_WARN_SUSPICIOUS_MOVE = YES;
				CLANG_WARN_UNGUARDED_AVAILABILITY = YES_AGGRESSIVE;
				CLANG_WARN_UNREACHABLE_CODE = YES;
				CLANG_WARN__DUPLICATE_METHOD_MATCH = YES;
				COPY_PHASE_STRIP = NO;
				DEBUG_INFORMATION_FORMAT = dwarf;
				ENABLE_STRICT_OBJC_MSGSEND = YES;
				ENABLE_TESTABILITY = YES;
				GCC_C_LANGUAGE_STANDARD = gnu11;
				GCC_DYNAMIC_NO_PIC = NO;
				GCC_NO_COMMON_BLOCKS = YES;
				GCC_OPTIMIZATION_LEVEL = 0;
				GCC_PREPROCESSOR_DEFINITIONS = (
					"DEBUG=1",
					"$(inherited)",
				);
				GCC_WARN_64_TO_32_BIT_CONVERSION = YES;
				GCC_WARN_ABOUT_RETURN_TYPE = YES_ERROR;
				GCC_WARN_UNDECLARED_SELECTOR = YES;
				GCC_WARN_UNINITIALIZED_AUTOS = YES_AGGRESSIVE;
				GCC_WARN_UNUSED_FUNCTION = YES;
				GCC_WARN_UNUSED_VARIABLE = YES;
				IPHONEOS_DEPLOYMENT_TARGET = 13.4;
				MTL_ENABLE_DEBUG_INFO = INCLUDE_SOURCE;
				MTL_FAST_MATH = YES;
				ONLY_ACTIVE_ARCH = YES;
				SDKROOT = iphoneos;
				SWIFT_ACTIVE_COMPILATION_CONDITIONS = DEBUG;
				SWIFT_OPTIMIZATION_LEVEL = "-Onone";
			};
			name = Debug;
		};
		5A7B9A87249CC39D007D8199 /* Release */ = {
			isa = XCBuildConfiguration;
			buildSettings = {
				ALWAYS_SEARCH_USER_PATHS = NO;
				CLANG_ANALYZER_NONNULL = YES;
				CLANG_ANALYZER_NUMBER_OBJECT_CONVERSION = YES_AGGRESSIVE;
				CLANG_CXX_LANGUAGE_STANDARD = "gnu++14";
				CLANG_CXX_LIBRARY = "libc++";
				CLANG_ENABLE_MODULES = YES;
				CLANG_ENABLE_OBJC_ARC = YES;
				CLANG_ENABLE_OBJC_WEAK = YES;
				CLANG_WARN_BLOCK_CAPTURE_AUTORELEASING = YES;
				CLANG_WARN_BOOL_CONVERSION = YES;
				CLANG_WARN_COMMA = YES;
				CLANG_WARN_CONSTANT_CONVERSION = YES;
				CLANG_WARN_DEPRECATED_OBJC_IMPLEMENTATIONS = YES;
				CLANG_WARN_DIRECT_OBJC_ISA_USAGE = YES_ERROR;
				CLANG_WARN_DOCUMENTATION_COMMENTS = YES;
				CLANG_WARN_EMPTY_BODY = YES;
				CLANG_WARN_ENUM_CONVERSION = YES;
				CLANG_WARN_INFINITE_RECURSION = YES;
				CLANG_WARN_INT_CONVERSION = YES;
				CLANG_WARN_NON_LITERAL_NULL_CONVERSION = YES;
				CLANG_WARN_OBJC_IMPLICIT_RETAIN_SELF = YES;
				CLANG_WARN_OBJC_LITERAL_CONVERSION = YES;
				CLANG_WARN_OBJC_ROOT_CLASS = YES_ERROR;
				CLANG_WARN_RANGE_LOOP_ANALYSIS = YES;
				CLANG_WARN_STRICT_PROTOTYPES = YES;
				CLANG_WARN_SUSPICIOUS_MOVE = YES;
				CLANG_WARN_UNGUARDED_AVAILABILITY = YES_AGGRESSIVE;
				CLANG_WARN_UNREACHABLE_CODE = YES;
				CLANG_WARN__DUPLICATE_METHOD_MATCH = YES;
				COPY_PHASE_STRIP = NO;
				DEBUG_INFORMATION_FORMAT = "dwarf-with-dsym";
				ENABLE_NS_ASSERTIONS = NO;
				ENABLE_STRICT_OBJC_MSGSEND = YES;
				GCC_C_LANGUAGE_STANDARD = gnu11;
				GCC_NO_COMMON_BLOCKS = YES;
				GCC_WARN_64_TO_32_BIT_CONVERSION = YES;
				GCC_WARN_ABOUT_RETURN_TYPE = YES_ERROR;
				GCC_WARN_UNDECLARED_SELECTOR = YES;
				GCC_WARN_UNINITIALIZED_AUTOS = YES_AGGRESSIVE;
				GCC_WARN_UNUSED_FUNCTION = YES;
				GCC_WARN_UNUSED_VARIABLE = YES;
				IPHONEOS_DEPLOYMENT_TARGET = 13.4;
				MTL_ENABLE_DEBUG_INFO = NO;
				MTL_FAST_MATH = YES;
				SDKROOT = iphoneos;
				SWIFT_COMPILATION_MODE = wholemodule;
				SWIFT_OPTIMIZATION_LEVEL = "-O";
				VALIDATE_PRODUCT = YES;
			};
			name = Release;
		};
		5A7B9A89249CC39D007D8199 /* Debug */ = {
			isa = XCBuildConfiguration;
			baseConfigurationReference = 2E227BA0C0214DEDAD5BB6CF /* Pods-ResumeApp.debug.xcconfig */;
			buildSettings = {
				ASSETCATALOG_COMPILER_APPICON_NAME = AppIcon;
				CODE_SIGN_STYLE = Automatic;
				DEVELOPMENT_TEAM = Q47X9U5WU7;
				INFOPLIST_FILE = ResumeApp/Info.plist;
				LD_RUNPATH_SEARCH_PATHS = (
					"$(inherited)",
					"@executable_path/Frameworks",
				);
				PRODUCT_BUNDLE_IDENTIFIER = bandzior157.ResumeApp;
				PRODUCT_NAME = "$(TARGET_NAME)";
				SWIFT_VERSION = 5.0;
				TARGETED_DEVICE_FAMILY = "1,2";
			};
			name = Debug;
		};
		5A7B9A8A249CC39D007D8199 /* Release */ = {
			isa = XCBuildConfiguration;
			baseConfigurationReference = 751A4C31B4F840C32B492FDF /* Pods-ResumeApp.release.xcconfig */;
			buildSettings = {
				ASSETCATALOG_COMPILER_APPICON_NAME = AppIcon;
				CODE_SIGN_STYLE = Automatic;
				DEVELOPMENT_TEAM = Q47X9U5WU7;
				INFOPLIST_FILE = ResumeApp/Info.plist;
				LD_RUNPATH_SEARCH_PATHS = (
					"$(inherited)",
					"@executable_path/Frameworks",
				);
				PRODUCT_BUNDLE_IDENTIFIER = bandzior157.ResumeApp;
				PRODUCT_NAME = "$(TARGET_NAME)";
				SWIFT_VERSION = 5.0;
				TARGETED_DEVICE_FAMILY = "1,2";
			};
			name = Release;
		};
		5A7B9A8C249CC39D007D8199 /* Debug */ = {
			isa = XCBuildConfiguration;
			baseConfigurationReference = 38B09279F4BDA4250C1AB77B /* Pods-ResumeAppTests.debug.xcconfig */;
			buildSettings = {
				ALWAYS_EMBED_SWIFT_STANDARD_LIBRARIES = YES;
				BUNDLE_LOADER = "$(TEST_HOST)";
				CODE_SIGN_STYLE = Automatic;
				DEVELOPMENT_TEAM = Q47X9U5WU7;
				INFOPLIST_FILE = ResumeAppTests/Info.plist;
				IPHONEOS_DEPLOYMENT_TARGET = 13.4;
				LD_RUNPATH_SEARCH_PATHS = (
					"$(inherited)",
					"@executable_path/Frameworks",
					"@loader_path/Frameworks",
				);
				PRODUCT_BUNDLE_IDENTIFIER = bandzior157.ResumeAppTests;
				PRODUCT_NAME = "$(TARGET_NAME)";
				SWIFT_VERSION = 5.0;
				TARGETED_DEVICE_FAMILY = "1,2";
				TEST_HOST = "$(BUILT_PRODUCTS_DIR)/ResumeApp.app/ResumeApp";
			};
			name = Debug;
		};
		5A7B9A8D249CC39D007D8199 /* Release */ = {
			isa = XCBuildConfiguration;
			baseConfigurationReference = B16A3A00A36E2436DE3D84FE /* Pods-ResumeAppTests.release.xcconfig */;
			buildSettings = {
				ALWAYS_EMBED_SWIFT_STANDARD_LIBRARIES = YES;
				BUNDLE_LOADER = "$(TEST_HOST)";
				CODE_SIGN_STYLE = Automatic;
				DEVELOPMENT_TEAM = Q47X9U5WU7;
				INFOPLIST_FILE = ResumeAppTests/Info.plist;
				IPHONEOS_DEPLOYMENT_TARGET = 13.4;
				LD_RUNPATH_SEARCH_PATHS = (
					"$(inherited)",
					"@executable_path/Frameworks",
					"@loader_path/Frameworks",
				);
				PRODUCT_BUNDLE_IDENTIFIER = bandzior157.ResumeAppTests;
				PRODUCT_NAME = "$(TARGET_NAME)";
				SWIFT_VERSION = 5.0;
				TARGETED_DEVICE_FAMILY = "1,2";
				TEST_HOST = "$(BUILT_PRODUCTS_DIR)/ResumeApp.app/ResumeApp";
			};
			name = Release;
		};
/* End XCBuildConfiguration section */

/* Begin XCConfigurationList section */
		5A7B9A64249CC39A007D8199 /* Build configuration list for PBXProject "ResumeApp" */ = {
			isa = XCConfigurationList;
			buildConfigurations = (
				5A7B9A86249CC39D007D8199 /* Debug */,
				5A7B9A87249CC39D007D8199 /* Release */,
			);
			defaultConfigurationIsVisible = 0;
			defaultConfigurationName = Release;
		};
		5A7B9A88249CC39D007D8199 /* Build configuration list for PBXNativeTarget "ResumeApp" */ = {
			isa = XCConfigurationList;
			buildConfigurations = (
				5A7B9A89249CC39D007D8199 /* Debug */,
				5A7B9A8A249CC39D007D8199 /* Release */,
			);
			defaultConfigurationIsVisible = 0;
			defaultConfigurationName = Release;
		};
		5A7B9A8B249CC39D007D8199 /* Build configuration list for PBXNativeTarget "ResumeAppTests" */ = {
			isa = XCConfigurationList;
			buildConfigurations = (
				5A7B9A8C249CC39D007D8199 /* Debug */,
				5A7B9A8D249CC39D007D8199 /* Release */,
			);
			defaultConfigurationIsVisible = 0;
			defaultConfigurationName = Release;
		};
/* End XCConfigurationList section */
	};
	rootObject = 5A7B9A61249CC39A007D8199 /* Project object */;
}
